// !$*UTF8*$!
{
	archiveVersion = 1;
	classes = {
	};
	objectVersion = 46;
	objects = {

/* Begin PBXBuildFile section */
		4953451418BC8CA1002D9DD5 /* OISEffect.cpp in Sources */ = {isa = PBXBuildFile; fileRef = 4953450D18BC8CA1002D9DD5 /* OISEffect.cpp */; };
		4953451518BC8CA1002D9DD5 /* OISException.cpp in Sources */ = {isa = PBXBuildFile; fileRef = 4953450E18BC8CA1002D9DD5 /* OISException.cpp */; };
		4953451618BC8CA1002D9DD5 /* OISForceFeedback.cpp in Sources */ = {isa = PBXBuildFile; fileRef = 4953450F18BC8CA1002D9DD5 /* OISForceFeedback.cpp */; };
		4953451718BC8CA1002D9DD5 /* OISInputManager.cpp in Sources */ = {isa = PBXBuildFile; fileRef = 4953451018BC8CA1002D9DD5 /* OISInputManager.cpp */; };
		4953451818BC8CA1002D9DD5 /* OISJoyStick.cpp in Sources */ = {isa = PBXBuildFile; fileRef = 4953451118BC8CA1002D9DD5 /* OISJoyStick.cpp */; };
		4953451918BC8CA1002D9DD5 /* OISKeyboard.cpp in Sources */ = {isa = PBXBuildFile; fileRef = 4953451218BC8CA1002D9DD5 /* OISKeyboard.cpp */; };
		4953451A18BC8CA1002D9DD5 /* OISObject.cpp in Sources */ = {isa = PBXBuildFile; fileRef = 4953451318BC8CA1002D9DD5 /* OISObject.cpp */; };
		4953452118BC8CAC002D9DD5 /* MacHelpers.cpp in Sources */ = {isa = PBXBuildFile; fileRef = 4953451B18BC8CAC002D9DD5 /* MacHelpers.cpp */; };
		4953452218BC8CAC002D9DD5 /* MacHIDManager.cpp in Sources */ = {isa = PBXBuildFile; fileRef = 4953451C18BC8CAC002D9DD5 /* MacHIDManager.cpp */; };
		4953452318BC8CAC002D9DD5 /* MacInputManager.cpp in Sources */ = {isa = PBXBuildFile; fileRef = 4953451D18BC8CAC002D9DD5 /* MacInputManager.cpp */; };
		4953452418BC8CAC002D9DD5 /* MacJoyStick.cpp in Sources */ = {isa = PBXBuildFile; fileRef = 4953451E18BC8CAC002D9DD5 /* MacJoyStick.cpp */; };
		4953452518BC8CAC002D9DD5 /* MacKeyboard.cpp in Sources */ = {isa = PBXBuildFile; fileRef = 4953451F18BC8CAC002D9DD5 /* MacKeyboard.cpp */; };
		4953452618BC8CAC002D9DD5 /* MacMouse.cpp in Sources */ = {isa = PBXBuildFile; fileRef = 4953452018BC8CAC002D9DD5 /* MacMouse.cpp */; };
		4981F4AD18B9CE6000AC85CD /* ofxGamepad.cpp in Sources */ = {isa = PBXBuildFile; fileRef = 4981F24218B9CE5800AC85CD /* ofxGamepad.cpp */; };
		4981F4AF18B9CE6000AC85CD /* ofxGamepadHandler.cpp in Sources */ = {isa = PBXBuildFile; fileRef = 4981F24718B9CE5800AC85CD /* ofxGamepadHandler.cpp */; };
		4981F4B118B9CE6000AC85CD /* ofxGamepadOIS.cpp in Sources */ = {isa = PBXBuildFile; fileRef = 4981F24B18B9CE5800AC85CD /* ofxGamepadOIS.cpp */; };
		4981F4B218B9CE6000AC85CD /* IpEndpointName.cpp in Sources */ = {isa = PBXBuildFile; fileRef = 4981F25218B9CE5800AC85CD /* IpEndpointName.cpp */; };
		4981F4B318B9CE6000AC85CD /* NetworkingUtils.cpp in Sources */ = {isa = PBXBuildFile; fileRef = 4981F25718B9CE5800AC85CD /* NetworkingUtils.cpp */; };
		4981F4B418B9CE6000AC85CD /* UdpSocket.cpp in Sources */ = {isa = PBXBuildFile; fileRef = 4981F25818B9CE5800AC85CD /* UdpSocket.cpp */; };
		4981F4B518B9CE6000AC85CD /* NetworkingUtilsWin.cpp in Sources */ = {isa = PBXBuildFile; fileRef = 4981F25C18B9CE5800AC85CD /* NetworkingUtilsWin.cpp */; };
		4981F4B618B9CE6000AC85CD /* UdpSocketWin.cpp in Sources */ = {isa = PBXBuildFile; fileRef = 4981F25D18B9CE5800AC85CD /* UdpSocketWin.cpp */; };
		4981F4B718B9CE6000AC85CD /* OscOutboundPacketStream.cpp in Sources */ = {isa = PBXBuildFile; fileRef = 4981F26218B9CE5800AC85CD /* OscOutboundPacketStream.cpp */; };
		4981F4B818B9CE6000AC85CD /* OscPrintReceivedElements.cpp in Sources */ = {isa = PBXBuildFile; fileRef = 4981F26518B9CE5800AC85CD /* OscPrintReceivedElements.cpp */; };
		4981F4B918B9CE6000AC85CD /* OscReceivedElements.cpp in Sources */ = {isa = PBXBuildFile; fileRef = 4981F26718B9CE5800AC85CD /* OscReceivedElements.cpp */; };
		4981F4BA18B9CE6000AC85CD /* OscTypes.cpp in Sources */ = {isa = PBXBuildFile; fileRef = 4981F26918B9CE5800AC85CD /* OscTypes.cpp */; };
		4981F4BB18B9CE6000AC85CD /* ofxOscBundle.cpp in Sources */ = {isa = PBXBuildFile; fileRef = 4981F26E18B9CE5800AC85CD /* ofxOscBundle.cpp */; };
		4981F4BC18B9CE6000AC85CD /* ofxOscMessage.cpp in Sources */ = {isa = PBXBuildFile; fileRef = 4981F27018B9CE5800AC85CD /* ofxOscMessage.cpp */; };
		4981F4BD18B9CE6000AC85CD /* ofxOscParameterSync.cpp in Sources */ = {isa = PBXBuildFile; fileRef = 4981F27218B9CE5800AC85CD /* ofxOscParameterSync.cpp */; };
		4981F4BE18B9CE6000AC85CD /* ofxOscReceiver.cpp in Sources */ = {isa = PBXBuildFile; fileRef = 4981F27418B9CE5800AC85CD /* ofxOscReceiver.cpp */; };
		4981F4BF18B9CE6000AC85CD /* ofxOscSender.cpp in Sources */ = {isa = PBXBuildFile; fileRef = 4981F27618B9CE5800AC85CD /* ofxOscSender.cpp */; };
		4981F4F318B9CE6000AC85CD /* ofxUI2DGraph.cpp in Sources */ = {isa = PBXBuildFile; fileRef = 4981F43E18B9CE6000AC85CD /* ofxUI2DGraph.cpp */; };
		4981F4F418B9CE6000AC85CD /* ofxUI2DPad.cpp in Sources */ = {isa = PBXBuildFile; fileRef = 4981F44018B9CE6000AC85CD /* ofxUI2DPad.cpp */; };
		4981F4F518B9CE6000AC85CD /* ofxUIBaseDraws.cpp in Sources */ = {isa = PBXBuildFile; fileRef = 4981F44218B9CE6000AC85CD /* ofxUIBaseDraws.cpp */; };
		4981F4F618B9CE6000AC85CD /* ofxUIBiLabelSlider.cpp in Sources */ = {isa = PBXBuildFile; fileRef = 4981F44418B9CE6000AC85CD /* ofxUIBiLabelSlider.cpp */; };
		4981F4F718B9CE6000AC85CD /* ofxUIButton.cpp in Sources */ = {isa = PBXBuildFile; fileRef = 4981F44618B9CE6000AC85CD /* ofxUIButton.cpp */; };
		4981F4F818B9CE6000AC85CD /* ofxUICanvas.cpp in Sources */ = {isa = PBXBuildFile; fileRef = 4981F44818B9CE6000AC85CD /* ofxUICanvas.cpp */; };
		4981F4F918B9CE6000AC85CD /* ofxUICircleSlider.cpp in Sources */ = {isa = PBXBuildFile; fileRef = 4981F44A18B9CE6000AC85CD /* ofxUICircleSlider.cpp */; };
		4981F4FA18B9CE6000AC85CD /* ofxUIDragableLabelButton.cpp in Sources */ = {isa = PBXBuildFile; fileRef = 4981F44D18B9CE6000AC85CD /* ofxUIDragableLabelButton.cpp */; };
		4981F4FB18B9CE6000AC85CD /* ofxUIDropDownList.cpp in Sources */ = {isa = PBXBuildFile; fileRef = 4981F44F18B9CE6000AC85CD /* ofxUIDropDownList.cpp */; };
		4981F4FC18B9CE6000AC85CD /* ofxUIEventArgs.cpp in Sources */ = {isa = PBXBuildFile; fileRef = 4981F45118B9CE6000AC85CD /* ofxUIEventArgs.cpp */; };
		4981F4FD18B9CE6000AC85CD /* ofxUIFPS.cpp in Sources */ = {isa = PBXBuildFile; fileRef = 4981F45318B9CE6000AC85CD /* ofxUIFPS.cpp */; };
		4981F4FE18B9CE6000AC85CD /* ofxUIFPSSlider.cpp in Sources */ = {isa = PBXBuildFile; fileRef = 4981F45518B9CE6000AC85CD /* ofxUIFPSSlider.cpp */; };
		4981F4FF18B9CE6000AC85CD /* ofxUIImage.cpp in Sources */ = {isa = PBXBuildFile; fileRef = 4981F45718B9CE6000AC85CD /* ofxUIImage.cpp */; };
		4981F50018B9CE6000AC85CD /* ofxUIImageButton.cpp in Sources */ = {isa = PBXBuildFile; fileRef = 4981F45918B9CE6000AC85CD /* ofxUIImageButton.cpp */; };
		4981F50118B9CE6000AC85CD /* ofxUIImageSampler.cpp in Sources */ = {isa = PBXBuildFile; fileRef = 4981F45B18B9CE6000AC85CD /* ofxUIImageSampler.cpp */; };
		4981F50218B9CE6000AC85CD /* ofxUIImageSlider.cpp in Sources */ = {isa = PBXBuildFile; fileRef = 4981F45D18B9CE6000AC85CD /* ofxUIImageSlider.cpp */; };
		4981F50318B9CE6000AC85CD /* ofxUIImageToggle.cpp in Sources */ = {isa = PBXBuildFile; fileRef = 4981F45F18B9CE6000AC85CD /* ofxUIImageToggle.cpp */; };
		4981F50418B9CE6000AC85CD /* ofxUILabel.cpp in Sources */ = {isa = PBXBuildFile; fileRef = 4981F46118B9CE6000AC85CD /* ofxUILabel.cpp */; };
		4981F50518B9CE6000AC85CD /* ofxUILabelButton.cpp in Sources */ = {isa = PBXBuildFile; fileRef = 4981F46318B9CE6000AC85CD /* ofxUILabelButton.cpp */; };
		4981F50618B9CE6000AC85CD /* ofxUILabelToggle.cpp in Sources */ = {isa = PBXBuildFile; fileRef = 4981F46518B9CE6000AC85CD /* ofxUILabelToggle.cpp */; };
		4981F50718B9CE6000AC85CD /* ofxUIMinimalSlider.cpp in Sources */ = {isa = PBXBuildFile; fileRef = 4981F46718B9CE6000AC85CD /* ofxUIMinimalSlider.cpp */; };
		4981F50818B9CE6000AC85CD /* ofxUIMovingGraph.cpp in Sources */ = {isa = PBXBuildFile; fileRef = 4981F46918B9CE6000AC85CD /* ofxUIMovingGraph.cpp */; };
		4981F50918B9CE6000AC85CD /* ofxUIMultiImageButton.cpp in Sources */ = {isa = PBXBuildFile; fileRef = 4981F46B18B9CE6000AC85CD /* ofxUIMultiImageButton.cpp */; };
		4981F50A18B9CE6000AC85CD /* ofxUIMultiImageToggle.cpp in Sources */ = {isa = PBXBuildFile; fileRef = 4981F46D18B9CE6000AC85CD /* ofxUIMultiImageToggle.cpp */; };
		4981F50B18B9CE6000AC85CD /* ofxUINumberDialer.cpp in Sources */ = {isa = PBXBuildFile; fileRef = 4981F46F18B9CE6000AC85CD /* ofxUINumberDialer.cpp */; };
		4981F50C18B9CE6000AC85CD /* ofxUIRadio.cpp in Sources */ = {isa = PBXBuildFile; fileRef = 4981F47218B9CE6000AC85CD /* ofxUIRadio.cpp */; };
		4981F50D18B9CE6000AC85CD /* ofxUIRangeSlider.cpp in Sources */ = {isa = PBXBuildFile; fileRef = 4981F47418B9CE6000AC85CD /* ofxUIRangeSlider.cpp */; };
		4981F50E18B9CE6000AC85CD /* ofxUIRectangle.cpp in Sources */ = {isa = PBXBuildFile; fileRef = 4981F47618B9CE6000AC85CD /* ofxUIRectangle.cpp */; };
		4981F50F18B9CE6000AC85CD /* ofxUIRotarySlider.cpp in Sources */ = {isa = PBXBuildFile; fileRef = 4981F47818B9CE6000AC85CD /* ofxUIRotarySlider.cpp */; };
		4981F51018B9CE6000AC85CD /* ofxUIScrollableCanvas.cpp in Sources */ = {isa = PBXBuildFile; fileRef = 4981F47A18B9CE6000AC85CD /* ofxUIScrollableCanvas.cpp */; };
		4981F51118B9CE6000AC85CD /* ofxUISlider.cpp in Sources */ = {isa = PBXBuildFile; fileRef = 4981F47C18B9CE6000AC85CD /* ofxUISlider.cpp */; };
		4981F51218B9CE6000AC85CD /* ofxUISortableList.cpp in Sources */ = {isa = PBXBuildFile; fileRef = 4981F47E18B9CE6000AC85CD /* ofxUISortableList.cpp */; };
		4981F51318B9CE6000AC85CD /* ofxUISpacer.cpp in Sources */ = {isa = PBXBuildFile; fileRef = 4981F48018B9CE6000AC85CD /* ofxUISpacer.cpp */; };
		4981F51418B9CE6000AC85CD /* ofxUISpectrum.cpp in Sources */ = {isa = PBXBuildFile; fileRef = 4981F48218B9CE6000AC85CD /* ofxUISpectrum.cpp */; };
		4981F51518B9CE6000AC85CD /* ofxUISuperCanvas.cpp in Sources */ = {isa = PBXBuildFile; fileRef = 4981F48418B9CE6000AC85CD /* ofxUISuperCanvas.cpp */; };
		4981F51618B9CE6000AC85CD /* ofxUITabBar.cpp in Sources */ = {isa = PBXBuildFile; fileRef = 4981F48618B9CE6000AC85CD /* ofxUITabBar.cpp */; };
		4981F51718B9CE6000AC85CD /* ofxUITextArea.cpp in Sources */ = {isa = PBXBuildFile; fileRef = 4981F48818B9CE6000AC85CD /* ofxUITextArea.cpp */; };
		4981F51818B9CE6000AC85CD /* ofxUITextInput.cpp in Sources */ = {isa = PBXBuildFile; fileRef = 4981F48A18B9CE6000AC85CD /* ofxUITextInput.cpp */; };
		4981F51918B9CE6000AC85CD /* ofxUIToggle.cpp in Sources */ = {isa = PBXBuildFile; fileRef = 4981F48C18B9CE6000AC85CD /* ofxUIToggle.cpp */; };
		4981F51A18B9CE6000AC85CD /* ofxUIToggleMatrix.cpp in Sources */ = {isa = PBXBuildFile; fileRef = 4981F48E18B9CE6000AC85CD /* ofxUIToggleMatrix.cpp */; };
		4981F51B18B9CE6000AC85CD /* ofxUIValuePlotter.cpp in Sources */ = {isa = PBXBuildFile; fileRef = 4981F49118B9CE6000AC85CD /* ofxUIValuePlotter.cpp */; };
		4981F51C18B9CE6000AC85CD /* ofxUIWaveform.cpp in Sources */ = {isa = PBXBuildFile; fileRef = 4981F49318B9CE6000AC85CD /* ofxUIWaveform.cpp */; };
		4981F51D18B9CE6000AC85CD /* ofxUIWidget.cpp in Sources */ = {isa = PBXBuildFile; fileRef = 4981F49518B9CE6000AC85CD /* ofxUIWidget.cpp */; };
		4981F51E18B9CE6000AC85CD /* ofxUIWidgetWithLabel.cpp in Sources */ = {isa = PBXBuildFile; fileRef = 4981F49818B9CE6000AC85CD /* ofxUIWidgetWithLabel.cpp */; };
		4981F51F18B9CE6000AC85CD /* tinyxml.cpp in Sources */ = {isa = PBXBuildFile; fileRef = 4981F49D18B9CE6000AC85CD /* tinyxml.cpp */; };
		4981F52018B9CE6000AC85CD /* tinyxmlerror.cpp in Sources */ = {isa = PBXBuildFile; fileRef = 4981F49F18B9CE6000AC85CD /* tinyxmlerror.cpp */; };
		4981F52118B9CE6000AC85CD /* tinyxmlparser.cpp in Sources */ = {isa = PBXBuildFile; fileRef = 4981F4A018B9CE6000AC85CD /* tinyxmlparser.cpp */; };
		4981F52218B9CE6000AC85CD /* ofxXmlSettings.cpp in Sources */ = {isa = PBXBuildFile; fileRef = 4981F4A218B9CE6000AC85CD /* ofxXmlSettings.cpp */; };
		BBAB23CB13894F3D00AA2426 /* GLUT.framework in CopyFiles */ = {isa = PBXBuildFile; fileRef = BBAB23BE13894E4700AA2426 /* GLUT.framework */; };
		E4328149138ABC9F0047C5CB /* openFrameworksDebug.a in Frameworks */ = {isa = PBXBuildFile; fileRef = E4328148138ABC890047C5CB /* openFrameworksDebug.a */; };
		E45BE97B0E8CC7DD009D7055 /* AGL.framework in Frameworks */ = {isa = PBXBuildFile; fileRef = E45BE9710E8CC7DD009D7055 /* AGL.framework */; };
		E45BE97C0E8CC7DD009D7055 /* ApplicationServices.framework in Frameworks */ = {isa = PBXBuildFile; fileRef = E45BE9720E8CC7DD009D7055 /* ApplicationServices.framework */; };
		E45BE97D0E8CC7DD009D7055 /* AudioToolbox.framework in Frameworks */ = {isa = PBXBuildFile; fileRef = E45BE9730E8CC7DD009D7055 /* AudioToolbox.framework */; };
		E45BE97E0E8CC7DD009D7055 /* Carbon.framework in Frameworks */ = {isa = PBXBuildFile; fileRef = E45BE9740E8CC7DD009D7055 /* Carbon.framework */; };
		E45BE97F0E8CC7DD009D7055 /* CoreAudio.framework in Frameworks */ = {isa = PBXBuildFile; fileRef = E45BE9750E8CC7DD009D7055 /* CoreAudio.framework */; };
		E45BE9800E8CC7DD009D7055 /* CoreFoundation.framework in Frameworks */ = {isa = PBXBuildFile; fileRef = E45BE9760E8CC7DD009D7055 /* CoreFoundation.framework */; };
		E45BE9810E8CC7DD009D7055 /* CoreServices.framework in Frameworks */ = {isa = PBXBuildFile; fileRef = E45BE9770E8CC7DD009D7055 /* CoreServices.framework */; };
		E45BE9830E8CC7DD009D7055 /* OpenGL.framework in Frameworks */ = {isa = PBXBuildFile; fileRef = E45BE9790E8CC7DD009D7055 /* OpenGL.framework */; };
		E45BE9840E8CC7DD009D7055 /* QuickTime.framework in Frameworks */ = {isa = PBXBuildFile; fileRef = E45BE97A0E8CC7DD009D7055 /* QuickTime.framework */; };
		E4B69E200A3A1BDC003C02F2 /* main.cpp in Sources */ = {isa = PBXBuildFile; fileRef = E4B69E1D0A3A1BDC003C02F2 /* main.cpp */; };
		E4B69E210A3A1BDC003C02F2 /* testApp.cpp in Sources */ = {isa = PBXBuildFile; fileRef = E4B69E1E0A3A1BDC003C02F2 /* testApp.cpp */; };
		E4C2424710CC5A17004149E2 /* AppKit.framework in Frameworks */ = {isa = PBXBuildFile; fileRef = E4C2424410CC5A17004149E2 /* AppKit.framework */; };
		E4C2424810CC5A17004149E2 /* Cocoa.framework in Frameworks */ = {isa = PBXBuildFile; fileRef = E4C2424510CC5A17004149E2 /* Cocoa.framework */; };
		E4C2424910CC5A17004149E2 /* IOKit.framework in Frameworks */ = {isa = PBXBuildFile; fileRef = E4C2424610CC5A17004149E2 /* IOKit.framework */; };
		E4EB6799138ADC1D00A09F29 /* GLUT.framework in Frameworks */ = {isa = PBXBuildFile; fileRef = BBAB23BE13894E4700AA2426 /* GLUT.framework */; };
		E7E077E515D3B63C0020DFD4 /* CoreVideo.framework in Frameworks */ = {isa = PBXBuildFile; fileRef = E7E077E415D3B63C0020DFD4 /* CoreVideo.framework */; };
		E7E077E815D3B6510020DFD4 /* QTKit.framework in Frameworks */ = {isa = PBXBuildFile; fileRef = E7E077E715D3B6510020DFD4 /* QTKit.framework */; };
		E7F985F815E0DEA3003869B5 /* Accelerate.framework in Frameworks */ = {isa = PBXBuildFile; fileRef = E7F985F515E0DE99003869B5 /* Accelerate.framework */; };
/* End PBXBuildFile section */

/* Begin PBXContainerItemProxy section */
		E4328147138ABC890047C5CB /* PBXContainerItemProxy */ = {
			isa = PBXContainerItemProxy;
			containerPortal = E4328143138ABC890047C5CB /* openFrameworksLib.xcodeproj */;
			proxyType = 2;
			remoteGlobalIDString = E4B27C1510CBEB8E00536013;
			remoteInfo = openFrameworks;
		};
		E4EEB9AB138B136A00A80321 /* PBXContainerItemProxy */ = {
			isa = PBXContainerItemProxy;
			containerPortal = E4328143138ABC890047C5CB /* openFrameworksLib.xcodeproj */;
			proxyType = 1;
			remoteGlobalIDString = E4B27C1410CBEB8E00536013;
			remoteInfo = openFrameworks;
		};
/* End PBXContainerItemProxy section */

/* Begin PBXCopyFilesBuildPhase section */
		E4C2427710CC5ABF004149E2 /* CopyFiles */ = {
			isa = PBXCopyFilesBuildPhase;
			buildActionMask = 2147483647;
			dstPath = "";
			dstSubfolderSpec = 10;
			files = (
				BBAB23CB13894F3D00AA2426 /* GLUT.framework in CopyFiles */,
			);
			runOnlyForDeploymentPostprocessing = 0;
		};
/* End PBXCopyFilesBuildPhase section */

/* Begin PBXFileReference section */
		4953450D18BC8CA1002D9DD5 /* OISEffect.cpp */ = {isa = PBXFileReference; fileEncoding = 4; lastKnownFileType = sourcecode.cpp.cpp; path = OISEffect.cpp; sourceTree = "<group>"; };
		4953450E18BC8CA1002D9DD5 /* OISException.cpp */ = {isa = PBXFileReference; fileEncoding = 4; lastKnownFileType = sourcecode.cpp.cpp; path = OISException.cpp; sourceTree = "<group>"; };
		4953450F18BC8CA1002D9DD5 /* OISForceFeedback.cpp */ = {isa = PBXFileReference; fileEncoding = 4; lastKnownFileType = sourcecode.cpp.cpp; path = OISForceFeedback.cpp; sourceTree = "<group>"; };
		4953451018BC8CA1002D9DD5 /* OISInputManager.cpp */ = {isa = PBXFileReference; fileEncoding = 4; lastKnownFileType = sourcecode.cpp.cpp; path = OISInputManager.cpp; sourceTree = "<group>"; };
		4953451118BC8CA1002D9DD5 /* OISJoyStick.cpp */ = {isa = PBXFileReference; fileEncoding = 4; lastKnownFileType = sourcecode.cpp.cpp; path = OISJoyStick.cpp; sourceTree = "<group>"; };
		4953451218BC8CA1002D9DD5 /* OISKeyboard.cpp */ = {isa = PBXFileReference; fileEncoding = 4; lastKnownFileType = sourcecode.cpp.cpp; path = OISKeyboard.cpp; sourceTree = "<group>"; };
		4953451318BC8CA1002D9DD5 /* OISObject.cpp */ = {isa = PBXFileReference; fileEncoding = 4; lastKnownFileType = sourcecode.cpp.cpp; path = OISObject.cpp; sourceTree = "<group>"; };
		4953451B18BC8CAC002D9DD5 /* MacHelpers.cpp */ = {isa = PBXFileReference; fileEncoding = 4; lastKnownFileType = sourcecode.cpp.cpp; path = MacHelpers.cpp; sourceTree = "<group>"; };
		4953451C18BC8CAC002D9DD5 /* MacHIDManager.cpp */ = {isa = PBXFileReference; fileEncoding = 4; lastKnownFileType = sourcecode.cpp.cpp; path = MacHIDManager.cpp; sourceTree = "<group>"; };
		4953451D18BC8CAC002D9DD5 /* MacInputManager.cpp */ = {isa = PBXFileReference; fileEncoding = 4; lastKnownFileType = sourcecode.cpp.cpp; path = MacInputManager.cpp; sourceTree = "<group>"; };
		4953451E18BC8CAC002D9DD5 /* MacJoyStick.cpp */ = {isa = PBXFileReference; fileEncoding = 4; lastKnownFileType = sourcecode.cpp.cpp; path = MacJoyStick.cpp; sourceTree = "<group>"; };
		4953451F18BC8CAC002D9DD5 /* MacKeyboard.cpp */ = {isa = PBXFileReference; fileEncoding = 4; lastKnownFileType = sourcecode.cpp.cpp; path = MacKeyboard.cpp; sourceTree = "<group>"; };
		4953452018BC8CAC002D9DD5 /* MacMouse.cpp */ = {isa = PBXFileReference; fileEncoding = 4; lastKnownFileType = sourcecode.cpp.cpp; path = MacMouse.cpp; sourceTree = "<group>"; };
		4953452918BC8CD8002D9DD5 /* OIS.h */ = {isa = PBXFileReference; lastKnownFileType = sourcecode.c.h; path = OIS.h; sourceTree = "<group>"; };
		4953452A18BC8CD8002D9DD5 /* OISConfig.h */ = {isa = PBXFileReference; lastKnownFileType = sourcecode.c.h; path = OISConfig.h; sourceTree = "<group>"; };
		4953452B18BC8CD8002D9DD5 /* OISEffect.h */ = {isa = PBXFileReference; lastKnownFileType = sourcecode.c.h; path = OISEffect.h; sourceTree = "<group>"; };
		4953452C18BC8CD8002D9DD5 /* OISEvents.h */ = {isa = PBXFileReference; lastKnownFileType = sourcecode.c.h; path = OISEvents.h; sourceTree = "<group>"; };
		4953452D18BC8CD8002D9DD5 /* OISException.h */ = {isa = PBXFileReference; lastKnownFileType = sourcecode.c.h; path = OISException.h; sourceTree = "<group>"; };
		4953452E18BC8CD8002D9DD5 /* OISFactoryCreator.h */ = {isa = PBXFileReference; lastKnownFileType = sourcecode.c.h; path = OISFactoryCreator.h; sourceTree = "<group>"; };
		4953452F18BC8CD8002D9DD5 /* OISForceFeedback.h */ = {isa = PBXFileReference; lastKnownFileType = sourcecode.c.h; path = OISForceFeedback.h; sourceTree = "<group>"; };
		4953453018BC8CD8002D9DD5 /* OISInputManager.h */ = {isa = PBXFileReference; lastKnownFileType = sourcecode.c.h; path = OISInputManager.h; sourceTree = "<group>"; };
		4953453118BC8CD8002D9DD5 /* OISInterface.h */ = {isa = PBXFileReference; lastKnownFileType = sourcecode.c.h; path = OISInterface.h; sourceTree = "<group>"; };
		4953453218BC8CD8002D9DD5 /* OISJoyStick.h */ = {isa = PBXFileReference; lastKnownFileType = sourcecode.c.h; path = OISJoyStick.h; sourceTree = "<group>"; };
		4953453318BC8CD8002D9DD5 /* OISKeyboard.h */ = {isa = PBXFileReference; lastKnownFileType = sourcecode.c.h; path = OISKeyboard.h; sourceTree = "<group>"; };
		4953453418BC8CD8002D9DD5 /* OISMouse.h */ = {isa = PBXFileReference; lastKnownFileType = sourcecode.c.h; path = OISMouse.h; sourceTree = "<group>"; };
		4953453518BC8CD8002D9DD5 /* OISMultiTouch.h */ = {isa = PBXFileReference; lastKnownFileType = sourcecode.c.h; path = OISMultiTouch.h; sourceTree = "<group>"; };
		4953453618BC8CD8002D9DD5 /* OISObject.h */ = {isa = PBXFileReference; lastKnownFileType = sourcecode.c.h; path = OISObject.h; sourceTree = "<group>"; };
		4953453718BC8CD8002D9DD5 /* OISPrereqs.h */ = {isa = PBXFileReference; lastKnownFileType = sourcecode.c.h; path = OISPrereqs.h; sourceTree = "<group>"; };
		4953453818BC8CE1002D9DD5 /* MacHelpers.h */ = {isa = PBXFileReference; lastKnownFileType = sourcecode.c.h; path = MacHelpers.h; sourceTree = "<group>"; };
		4953453918BC8CE1002D9DD5 /* MacHIDManager.h */ = {isa = PBXFileReference; lastKnownFileType = sourcecode.c.h; path = MacHIDManager.h; sourceTree = "<group>"; };
		4953453A18BC8CE1002D9DD5 /* MacInputManager.h */ = {isa = PBXFileReference; lastKnownFileType = sourcecode.c.h; path = MacInputManager.h; sourceTree = "<group>"; };
		4953453B18BC8CE1002D9DD5 /* MacJoyStick.h */ = {isa = PBXFileReference; lastKnownFileType = sourcecode.c.h; path = MacJoyStick.h; sourceTree = "<group>"; };
		4953453C18BC8CE1002D9DD5 /* MacKeyboard.h */ = {isa = PBXFileReference; lastKnownFileType = sourcecode.c.h; path = MacKeyboard.h; sourceTree = "<group>"; };
		4953453D18BC8CE1002D9DD5 /* MacMouse.h */ = {isa = PBXFileReference; lastKnownFileType = sourcecode.c.h; path = MacMouse.h; sourceTree = "<group>"; };
		4953453E18BC8CE1002D9DD5 /* MacPrereqs.h */ = {isa = PBXFileReference; lastKnownFileType = sourcecode.c.h; path = MacPrereqs.h; sourceTree = "<group>"; };
		4981F24218B9CE5800AC85CD /* ofxGamepad.cpp */ = {isa = PBXFileReference; fileEncoding = 4; lastKnownFileType = sourcecode.cpp.cpp; name = ofxGamepad.cpp; path = ofxGamepad/src/ofxGamepad.cpp; sourceTree = "<group>"; };
		4981F24318B9CE5800AC85CD /* ofxGamepad.h */ = {isa = PBXFileReference; fileEncoding = 4; lastKnownFileType = sourcecode.c.h; name = ofxGamepad.h; path = ofxGamepad/src/ofxGamepad.h; sourceTree = "<group>"; };
		4981F24618B9CE5800AC85CD /* ofxGamepadConfigs.h */ = {isa = PBXFileReference; fileEncoding = 4; lastKnownFileType = sourcecode.c.h; name = ofxGamepadConfigs.h; path = ofxGamepad/src/ofxGamepadConfigs.h; sourceTree = "<group>"; };
		4981F24718B9CE5800AC85CD /* ofxGamepadHandler.cpp */ = {isa = PBXFileReference; fileEncoding = 4; lastKnownFileType = sourcecode.cpp.cpp; name = ofxGamepadHandler.cpp; path = ofxGamepad/src/ofxGamepadHandler.cpp; sourceTree = "<group>"; };
		4981F24818B9CE5800AC85CD /* ofxGamepadHandler.h */ = {isa = PBXFileReference; fileEncoding = 4; lastKnownFileType = sourcecode.c.h; name = ofxGamepadHandler.h; path = ofxGamepad/src/ofxGamepadHandler.h; sourceTree = "<group>"; };
		4981F24B18B9CE5800AC85CD /* ofxGamepadOIS.cpp */ = {isa = PBXFileReference; fileEncoding = 4; lastKnownFileType = sourcecode.cpp.cpp; name = ofxGamepadOIS.cpp; path = ofxGamepad/src/ofxGamepadOIS.cpp; sourceTree = "<group>"; };
		4981F24C18B9CE5800AC85CD /* ofxGamepadOIS.h */ = {isa = PBXFileReference; fileEncoding = 4; lastKnownFileType = sourcecode.c.h; name = ofxGamepadOIS.h; path = ofxGamepad/src/ofxGamepadOIS.h; sourceTree = "<group>"; };
		4981F25218B9CE5800AC85CD /* IpEndpointName.cpp */ = {isa = PBXFileReference; fileEncoding = 4; lastKnownFileType = sourcecode.cpp.cpp; path = IpEndpointName.cpp; sourceTree = "<group>"; };
		4981F25318B9CE5800AC85CD /* IpEndpointName.h */ = {isa = PBXFileReference; fileEncoding = 4; lastKnownFileType = sourcecode.c.h; path = IpEndpointName.h; sourceTree = "<group>"; };
		4981F25418B9CE5800AC85CD /* NetworkingUtils.h */ = {isa = PBXFileReference; fileEncoding = 4; lastKnownFileType = sourcecode.c.h; path = NetworkingUtils.h; sourceTree = "<group>"; };
		4981F25518B9CE5800AC85CD /* PacketListener.h */ = {isa = PBXFileReference; fileEncoding = 4; lastKnownFileType = sourcecode.c.h; path = PacketListener.h; sourceTree = "<group>"; };
		4981F25718B9CE5800AC85CD /* NetworkingUtils.cpp */ = {isa = PBXFileReference; fileEncoding = 4; lastKnownFileType = sourcecode.cpp.cpp; path = NetworkingUtils.cpp; sourceTree = "<group>"; };
		4981F25818B9CE5800AC85CD /* UdpSocket.cpp */ = {isa = PBXFileReference; fileEncoding = 4; lastKnownFileType = sourcecode.cpp.cpp; path = UdpSocket.cpp; sourceTree = "<group>"; };
		4981F25918B9CE5800AC85CD /* TimerListener.h */ = {isa = PBXFileReference; fileEncoding = 4; lastKnownFileType = sourcecode.c.h; path = TimerListener.h; sourceTree = "<group>"; };
		4981F25A18B9CE5800AC85CD /* UdpSocket.h */ = {isa = PBXFileReference; fileEncoding = 4; lastKnownFileType = sourcecode.c.h; path = UdpSocket.h; sourceTree = "<group>"; };
		4981F25C18B9CE5800AC85CD /* NetworkingUtilsWin.cpp */ = {isa = PBXFileReference; fileEncoding = 4; lastKnownFileType = sourcecode.cpp.cpp; path = NetworkingUtilsWin.cpp; sourceTree = "<group>"; };
		4981F25D18B9CE5800AC85CD /* UdpSocketWin.cpp */ = {isa = PBXFileReference; fileEncoding = 4; lastKnownFileType = sourcecode.cpp.cpp; path = UdpSocketWin.cpp; sourceTree = "<group>"; };
		4981F25F18B9CE5800AC85CD /* MessageMappingOscPacketListener.h */ = {isa = PBXFileReference; fileEncoding = 4; lastKnownFileType = sourcecode.c.h; path = MessageMappingOscPacketListener.h; sourceTree = "<group>"; };
		4981F26018B9CE5800AC85CD /* OscException.h */ = {isa = PBXFileReference; fileEncoding = 4; lastKnownFileType = sourcecode.c.h; path = OscException.h; sourceTree = "<group>"; };
		4981F26118B9CE5800AC85CD /* OscHostEndianness.h */ = {isa = PBXFileReference; fileEncoding = 4; lastKnownFileType = sourcecode.c.h; path = OscHostEndianness.h; sourceTree = "<group>"; };
		4981F26218B9CE5800AC85CD /* OscOutboundPacketStream.cpp */ = {isa = PBXFileReference; fileEncoding = 4; lastKnownFileType = sourcecode.cpp.cpp; path = OscOutboundPacketStream.cpp; sourceTree = "<group>"; };
		4981F26318B9CE5800AC85CD /* OscOutboundPacketStream.h */ = {isa = PBXFileReference; fileEncoding = 4; lastKnownFileType = sourcecode.c.h; path = OscOutboundPacketStream.h; sourceTree = "<group>"; };
		4981F26418B9CE5800AC85CD /* OscPacketListener.h */ = {isa = PBXFileReference; fileEncoding = 4; lastKnownFileType = sourcecode.c.h; path = OscPacketListener.h; sourceTree = "<group>"; };
		4981F26518B9CE5800AC85CD /* OscPrintReceivedElements.cpp */ = {isa = PBXFileReference; fileEncoding = 4; lastKnownFileType = sourcecode.cpp.cpp; path = OscPrintReceivedElements.cpp; sourceTree = "<group>"; };
		4981F26618B9CE5800AC85CD /* OscPrintReceivedElements.h */ = {isa = PBXFileReference; fileEncoding = 4; lastKnownFileType = sourcecode.c.h; path = OscPrintReceivedElements.h; sourceTree = "<group>"; };
		4981F26718B9CE5800AC85CD /* OscReceivedElements.cpp */ = {isa = PBXFileReference; fileEncoding = 4; lastKnownFileType = sourcecode.cpp.cpp; path = OscReceivedElements.cpp; sourceTree = "<group>"; };
		4981F26818B9CE5800AC85CD /* OscReceivedElements.h */ = {isa = PBXFileReference; fileEncoding = 4; lastKnownFileType = sourcecode.c.h; path = OscReceivedElements.h; sourceTree = "<group>"; };
		4981F26918B9CE5800AC85CD /* OscTypes.cpp */ = {isa = PBXFileReference; fileEncoding = 4; lastKnownFileType = sourcecode.cpp.cpp; path = OscTypes.cpp; sourceTree = "<group>"; };
		4981F26A18B9CE5800AC85CD /* OscTypes.h */ = {isa = PBXFileReference; fileEncoding = 4; lastKnownFileType = sourcecode.c.h; path = OscTypes.h; sourceTree = "<group>"; };
		4981F26C18B9CE5800AC85CD /* ofxOsc.h */ = {isa = PBXFileReference; fileEncoding = 4; lastKnownFileType = sourcecode.c.h; path = ofxOsc.h; sourceTree = "<group>"; };
		4981F26D18B9CE5800AC85CD /* ofxOscArg.h */ = {isa = PBXFileReference; fileEncoding = 4; lastKnownFileType = sourcecode.c.h; path = ofxOscArg.h; sourceTree = "<group>"; };
		4981F26E18B9CE5800AC85CD /* ofxOscBundle.cpp */ = {isa = PBXFileReference; fileEncoding = 4; lastKnownFileType = sourcecode.cpp.cpp; path = ofxOscBundle.cpp; sourceTree = "<group>"; };
		4981F26F18B9CE5800AC85CD /* ofxOscBundle.h */ = {isa = PBXFileReference; fileEncoding = 4; lastKnownFileType = sourcecode.c.h; path = ofxOscBundle.h; sourceTree = "<group>"; };
		4981F27018B9CE5800AC85CD /* ofxOscMessage.cpp */ = {isa = PBXFileReference; fileEncoding = 4; lastKnownFileType = sourcecode.cpp.cpp; path = ofxOscMessage.cpp; sourceTree = "<group>"; };
		4981F27118B9CE5800AC85CD /* ofxOscMessage.h */ = {isa = PBXFileReference; fileEncoding = 4; lastKnownFileType = sourcecode.c.h; path = ofxOscMessage.h; sourceTree = "<group>"; };
		4981F27218B9CE5800AC85CD /* ofxOscParameterSync.cpp */ = {isa = PBXFileReference; fileEncoding = 4; lastKnownFileType = sourcecode.cpp.cpp; path = ofxOscParameterSync.cpp; sourceTree = "<group>"; };
		4981F27318B9CE5800AC85CD /* ofxOscParameterSync.h */ = {isa = PBXFileReference; fileEncoding = 4; lastKnownFileType = sourcecode.c.h; path = ofxOscParameterSync.h; sourceTree = "<group>"; };
		4981F27418B9CE5800AC85CD /* ofxOscReceiver.cpp */ = {isa = PBXFileReference; fileEncoding = 4; lastKnownFileType = sourcecode.cpp.cpp; path = ofxOscReceiver.cpp; sourceTree = "<group>"; };
		4981F27518B9CE5800AC85CD /* ofxOscReceiver.h */ = {isa = PBXFileReference; fileEncoding = 4; lastKnownFileType = sourcecode.c.h; path = ofxOscReceiver.h; sourceTree = "<group>"; };
		4981F27618B9CE5800AC85CD /* ofxOscSender.cpp */ = {isa = PBXFileReference; fileEncoding = 4; lastKnownFileType = sourcecode.cpp.cpp; path = ofxOscSender.cpp; sourceTree = "<group>"; };
		4981F27718B9CE5800AC85CD /* ofxOscSender.h */ = {isa = PBXFileReference; fileEncoding = 4; lastKnownFileType = sourcecode.c.h; path = ofxOscSender.h; sourceTree = "<group>"; };
		4981F43D18B9CE6000AC85CD /* ofxUI.h */ = {isa = PBXFileReference; fileEncoding = 4; lastKnownFileType = sourcecode.c.h; path = ofxUI.h; sourceTree = "<group>"; };
		4981F43E18B9CE6000AC85CD /* ofxUI2DGraph.cpp */ = {isa = PBXFileReference; fileEncoding = 4; lastKnownFileType = sourcecode.cpp.cpp; path = ofxUI2DGraph.cpp; sourceTree = "<group>"; };
		4981F43F18B9CE6000AC85CD /* ofxUI2DGraph.h */ = {isa = PBXFileReference; fileEncoding = 4; lastKnownFileType = sourcecode.c.h; path = ofxUI2DGraph.h; sourceTree = "<group>"; };
		4981F44018B9CE6000AC85CD /* ofxUI2DPad.cpp */ = {isa = PBXFileReference; fileEncoding = 4; lastKnownFileType = sourcecode.cpp.cpp; path = ofxUI2DPad.cpp; sourceTree = "<group>"; };
		4981F44118B9CE6000AC85CD /* ofxUI2DPad.h */ = {isa = PBXFileReference; fileEncoding = 4; lastKnownFileType = sourcecode.c.h; path = ofxUI2DPad.h; sourceTree = "<group>"; };
		4981F44218B9CE6000AC85CD /* ofxUIBaseDraws.cpp */ = {isa = PBXFileReference; fileEncoding = 4; lastKnownFileType = sourcecode.cpp.cpp; path = ofxUIBaseDraws.cpp; sourceTree = "<group>"; };
		4981F44318B9CE6000AC85CD /* ofxUIBaseDraws.h */ = {isa = PBXFileReference; fileEncoding = 4; lastKnownFileType = sourcecode.c.h; path = ofxUIBaseDraws.h; sourceTree = "<group>"; };
		4981F44418B9CE6000AC85CD /* ofxUIBiLabelSlider.cpp */ = {isa = PBXFileReference; fileEncoding = 4; lastKnownFileType = sourcecode.cpp.cpp; path = ofxUIBiLabelSlider.cpp; sourceTree = "<group>"; };
		4981F44518B9CE6000AC85CD /* ofxUIBiLabelSlider.h */ = {isa = PBXFileReference; fileEncoding = 4; lastKnownFileType = sourcecode.c.h; path = ofxUIBiLabelSlider.h; sourceTree = "<group>"; };
		4981F44618B9CE6000AC85CD /* ofxUIButton.cpp */ = {isa = PBXFileReference; fileEncoding = 4; lastKnownFileType = sourcecode.cpp.cpp; path = ofxUIButton.cpp; sourceTree = "<group>"; };
		4981F44718B9CE6000AC85CD /* ofxUIButton.h */ = {isa = PBXFileReference; fileEncoding = 4; lastKnownFileType = sourcecode.c.h; path = ofxUIButton.h; sourceTree = "<group>"; };
		4981F44818B9CE6000AC85CD /* ofxUICanvas.cpp */ = {isa = PBXFileReference; fileEncoding = 4; lastKnownFileType = sourcecode.cpp.cpp; path = ofxUICanvas.cpp; sourceTree = "<group>"; };
		4981F44918B9CE6000AC85CD /* ofxUICanvas.h */ = {isa = PBXFileReference; fileEncoding = 4; lastKnownFileType = sourcecode.c.h; path = ofxUICanvas.h; sourceTree = "<group>"; };
		4981F44A18B9CE6000AC85CD /* ofxUICircleSlider.cpp */ = {isa = PBXFileReference; fileEncoding = 4; lastKnownFileType = sourcecode.cpp.cpp; path = ofxUICircleSlider.cpp; sourceTree = "<group>"; };
		4981F44B18B9CE6000AC85CD /* ofxUICircleSlider.h */ = {isa = PBXFileReference; fileEncoding = 4; lastKnownFileType = sourcecode.c.h; path = ofxUICircleSlider.h; sourceTree = "<group>"; };
		4981F44C18B9CE6000AC85CD /* ofxUIDefines.h */ = {isa = PBXFileReference; fileEncoding = 4; lastKnownFileType = sourcecode.c.h; path = ofxUIDefines.h; sourceTree = "<group>"; };
		4981F44D18B9CE6000AC85CD /* ofxUIDragableLabelButton.cpp */ = {isa = PBXFileReference; fileEncoding = 4; lastKnownFileType = sourcecode.cpp.cpp; path = ofxUIDragableLabelButton.cpp; sourceTree = "<group>"; };
		4981F44E18B9CE6000AC85CD /* ofxUIDragableLabelButton.h */ = {isa = PBXFileReference; fileEncoding = 4; lastKnownFileType = sourcecode.c.h; path = ofxUIDragableLabelButton.h; sourceTree = "<group>"; };
		4981F44F18B9CE6000AC85CD /* ofxUIDropDownList.cpp */ = {isa = PBXFileReference; fileEncoding = 4; lastKnownFileType = sourcecode.cpp.cpp; path = ofxUIDropDownList.cpp; sourceTree = "<group>"; };
		4981F45018B9CE6000AC85CD /* ofxUIDropDownList.h */ = {isa = PBXFileReference; fileEncoding = 4; lastKnownFileType = sourcecode.c.h; path = ofxUIDropDownList.h; sourceTree = "<group>"; };
		4981F45118B9CE6000AC85CD /* ofxUIEventArgs.cpp */ = {isa = PBXFileReference; fileEncoding = 4; lastKnownFileType = sourcecode.cpp.cpp; path = ofxUIEventArgs.cpp; sourceTree = "<group>"; };
		4981F45218B9CE6000AC85CD /* ofxUIEventArgs.h */ = {isa = PBXFileReference; fileEncoding = 4; lastKnownFileType = sourcecode.c.h; path = ofxUIEventArgs.h; sourceTree = "<group>"; };
		4981F45318B9CE6000AC85CD /* ofxUIFPS.cpp */ = {isa = PBXFileReference; fileEncoding = 4; lastKnownFileType = sourcecode.cpp.cpp; path = ofxUIFPS.cpp; sourceTree = "<group>"; };
		4981F45418B9CE6000AC85CD /* ofxUIFPS.h */ = {isa = PBXFileReference; fileEncoding = 4; lastKnownFileType = sourcecode.c.h; path = ofxUIFPS.h; sourceTree = "<group>"; };
		4981F45518B9CE6000AC85CD /* ofxUIFPSSlider.cpp */ = {isa = PBXFileReference; fileEncoding = 4; lastKnownFileType = sourcecode.cpp.cpp; path = ofxUIFPSSlider.cpp; sourceTree = "<group>"; };
		4981F45618B9CE6000AC85CD /* ofxUIFPSSlider.h */ = {isa = PBXFileReference; fileEncoding = 4; lastKnownFileType = sourcecode.c.h; path = ofxUIFPSSlider.h; sourceTree = "<group>"; };
		4981F45718B9CE6000AC85CD /* ofxUIImage.cpp */ = {isa = PBXFileReference; fileEncoding = 4; lastKnownFileType = sourcecode.cpp.cpp; path = ofxUIImage.cpp; sourceTree = "<group>"; };
		4981F45818B9CE6000AC85CD /* ofxUIImage.h */ = {isa = PBXFileReference; fileEncoding = 4; lastKnownFileType = sourcecode.c.h; path = ofxUIImage.h; sourceTree = "<group>"; };
		4981F45918B9CE6000AC85CD /* ofxUIImageButton.cpp */ = {isa = PBXFileReference; fileEncoding = 4; lastKnownFileType = sourcecode.cpp.cpp; path = ofxUIImageButton.cpp; sourceTree = "<group>"; };
		4981F45A18B9CE6000AC85CD /* ofxUIImageButton.h */ = {isa = PBXFileReference; fileEncoding = 4; lastKnownFileType = sourcecode.c.h; path = ofxUIImageButton.h; sourceTree = "<group>"; };
		4981F45B18B9CE6000AC85CD /* ofxUIImageSampler.cpp */ = {isa = PBXFileReference; fileEncoding = 4; lastKnownFileType = sourcecode.cpp.cpp; path = ofxUIImageSampler.cpp; sourceTree = "<group>"; };
		4981F45C18B9CE6000AC85CD /* ofxUIImageSampler.h */ = {isa = PBXFileReference; fileEncoding = 4; lastKnownFileType = sourcecode.c.h; path = ofxUIImageSampler.h; sourceTree = "<group>"; };
		4981F45D18B9CE6000AC85CD /* ofxUIImageSlider.cpp */ = {isa = PBXFileReference; fileEncoding = 4; lastKnownFileType = sourcecode.cpp.cpp; path = ofxUIImageSlider.cpp; sourceTree = "<group>"; };
		4981F45E18B9CE6000AC85CD /* ofxUIImageSlider.h */ = {isa = PBXFileReference; fileEncoding = 4; lastKnownFileType = sourcecode.c.h; path = ofxUIImageSlider.h; sourceTree = "<group>"; };
		4981F45F18B9CE6000AC85CD /* ofxUIImageToggle.cpp */ = {isa = PBXFileReference; fileEncoding = 4; lastKnownFileType = sourcecode.cpp.cpp; path = ofxUIImageToggle.cpp; sourceTree = "<group>"; };
		4981F46018B9CE6000AC85CD /* ofxUIImageToggle.h */ = {isa = PBXFileReference; fileEncoding = 4; lastKnownFileType = sourcecode.c.h; path = ofxUIImageToggle.h; sourceTree = "<group>"; };
		4981F46118B9CE6000AC85CD /* ofxUILabel.cpp */ = {isa = PBXFileReference; fileEncoding = 4; lastKnownFileType = sourcecode.cpp.cpp; path = ofxUILabel.cpp; sourceTree = "<group>"; };
		4981F46218B9CE6000AC85CD /* ofxUILabel.h */ = {isa = PBXFileReference; fileEncoding = 4; lastKnownFileType = sourcecode.c.h; path = ofxUILabel.h; sourceTree = "<group>"; };
		4981F46318B9CE6000AC85CD /* ofxUILabelButton.cpp */ = {isa = PBXFileReference; fileEncoding = 4; lastKnownFileType = sourcecode.cpp.cpp; path = ofxUILabelButton.cpp; sourceTree = "<group>"; };
		4981F46418B9CE6000AC85CD /* ofxUILabelButton.h */ = {isa = PBXFileReference; fileEncoding = 4; lastKnownFileType = sourcecode.c.h; path = ofxUILabelButton.h; sourceTree = "<group>"; };
		4981F46518B9CE6000AC85CD /* ofxUILabelToggle.cpp */ = {isa = PBXFileReference; fileEncoding = 4; lastKnownFileType = sourcecode.cpp.cpp; path = ofxUILabelToggle.cpp; sourceTree = "<group>"; };
		4981F46618B9CE6000AC85CD /* ofxUILabelToggle.h */ = {isa = PBXFileReference; fileEncoding = 4; lastKnownFileType = sourcecode.c.h; path = ofxUILabelToggle.h; sourceTree = "<group>"; };
		4981F46718B9CE6000AC85CD /* ofxUIMinimalSlider.cpp */ = {isa = PBXFileReference; fileEncoding = 4; lastKnownFileType = sourcecode.cpp.cpp; path = ofxUIMinimalSlider.cpp; sourceTree = "<group>"; };
		4981F46818B9CE6000AC85CD /* ofxUIMinimalSlider.h */ = {isa = PBXFileReference; fileEncoding = 4; lastKnownFileType = sourcecode.c.h; path = ofxUIMinimalSlider.h; sourceTree = "<group>"; };
		4981F46918B9CE6000AC85CD /* ofxUIMovingGraph.cpp */ = {isa = PBXFileReference; fileEncoding = 4; lastKnownFileType = sourcecode.cpp.cpp; path = ofxUIMovingGraph.cpp; sourceTree = "<group>"; };
		4981F46A18B9CE6000AC85CD /* ofxUIMovingGraph.h */ = {isa = PBXFileReference; fileEncoding = 4; lastKnownFileType = sourcecode.c.h; path = ofxUIMovingGraph.h; sourceTree = "<group>"; };
		4981F46B18B9CE6000AC85CD /* ofxUIMultiImageButton.cpp */ = {isa = PBXFileReference; fileEncoding = 4; lastKnownFileType = sourcecode.cpp.cpp; path = ofxUIMultiImageButton.cpp; sourceTree = "<group>"; };
		4981F46C18B9CE6000AC85CD /* ofxUIMultiImageButton.h */ = {isa = PBXFileReference; fileEncoding = 4; lastKnownFileType = sourcecode.c.h; path = ofxUIMultiImageButton.h; sourceTree = "<group>"; };
		4981F46D18B9CE6000AC85CD /* ofxUIMultiImageToggle.cpp */ = {isa = PBXFileReference; fileEncoding = 4; lastKnownFileType = sourcecode.cpp.cpp; path = ofxUIMultiImageToggle.cpp; sourceTree = "<group>"; };
		4981F46E18B9CE6000AC85CD /* ofxUIMultiImageToggle.h */ = {isa = PBXFileReference; fileEncoding = 4; lastKnownFileType = sourcecode.c.h; path = ofxUIMultiImageToggle.h; sourceTree = "<group>"; };
		4981F46F18B9CE6000AC85CD /* ofxUINumberDialer.cpp */ = {isa = PBXFileReference; fileEncoding = 4; lastKnownFileType = sourcecode.cpp.cpp; path = ofxUINumberDialer.cpp; sourceTree = "<group>"; };
		4981F47018B9CE6000AC85CD /* ofxUINumberDialer.h */ = {isa = PBXFileReference; fileEncoding = 4; lastKnownFileType = sourcecode.c.h; path = ofxUINumberDialer.h; sourceTree = "<group>"; };
		4981F47118B9CE6000AC85CD /* ofxUIOFWrapper.h */ = {isa = PBXFileReference; fileEncoding = 4; lastKnownFileType = sourcecode.c.h; path = ofxUIOFWrapper.h; sourceTree = "<group>"; };
		4981F47218B9CE6000AC85CD /* ofxUIRadio.cpp */ = {isa = PBXFileReference; fileEncoding = 4; lastKnownFileType = sourcecode.cpp.cpp; path = ofxUIRadio.cpp; sourceTree = "<group>"; };
		4981F47318B9CE6000AC85CD /* ofxUIRadio.h */ = {isa = PBXFileReference; fileEncoding = 4; lastKnownFileType = sourcecode.c.h; path = ofxUIRadio.h; sourceTree = "<group>"; };
		4981F47418B9CE6000AC85CD /* ofxUIRangeSlider.cpp */ = {isa = PBXFileReference; fileEncoding = 4; lastKnownFileType = sourcecode.cpp.cpp; path = ofxUIRangeSlider.cpp; sourceTree = "<group>"; };
		4981F47518B9CE6000AC85CD /* ofxUIRangeSlider.h */ = {isa = PBXFileReference; fileEncoding = 4; lastKnownFileType = sourcecode.c.h; path = ofxUIRangeSlider.h; sourceTree = "<group>"; };
		4981F47618B9CE6000AC85CD /* ofxUIRectangle.cpp */ = {isa = PBXFileReference; fileEncoding = 4; lastKnownFileType = sourcecode.cpp.cpp; path = ofxUIRectangle.cpp; sourceTree = "<group>"; };
		4981F47718B9CE6000AC85CD /* ofxUIRectangle.h */ = {isa = PBXFileReference; fileEncoding = 4; lastKnownFileType = sourcecode.c.h; path = ofxUIRectangle.h; sourceTree = "<group>"; };
		4981F47818B9CE6000AC85CD /* ofxUIRotarySlider.cpp */ = {isa = PBXFileReference; fileEncoding = 4; lastKnownFileType = sourcecode.cpp.cpp; path = ofxUIRotarySlider.cpp; sourceTree = "<group>"; };
		4981F47918B9CE6000AC85CD /* ofxUIRotarySlider.h */ = {isa = PBXFileReference; fileEncoding = 4; lastKnownFileType = sourcecode.c.h; path = ofxUIRotarySlider.h; sourceTree = "<group>"; };
		4981F47A18B9CE6000AC85CD /* ofxUIScrollableCanvas.cpp */ = {isa = PBXFileReference; fileEncoding = 4; lastKnownFileType = sourcecode.cpp.cpp; path = ofxUIScrollableCanvas.cpp; sourceTree = "<group>"; };
		4981F47B18B9CE6000AC85CD /* ofxUIScrollableCanvas.h */ = {isa = PBXFileReference; fileEncoding = 4; lastKnownFileType = sourcecode.c.h; path = ofxUIScrollableCanvas.h; sourceTree = "<group>"; };
		4981F47C18B9CE6000AC85CD /* ofxUISlider.cpp */ = {isa = PBXFileReference; fileEncoding = 4; lastKnownFileType = sourcecode.cpp.cpp; path = ofxUISlider.cpp; sourceTree = "<group>"; };
		4981F47D18B9CE6000AC85CD /* ofxUISlider.h */ = {isa = PBXFileReference; fileEncoding = 4; lastKnownFileType = sourcecode.c.h; path = ofxUISlider.h; sourceTree = "<group>"; };
		4981F47E18B9CE6000AC85CD /* ofxUISortableList.cpp */ = {isa = PBXFileReference; fileEncoding = 4; lastKnownFileType = sourcecode.cpp.cpp; path = ofxUISortableList.cpp; sourceTree = "<group>"; };
		4981F47F18B9CE6000AC85CD /* ofxUISortableList.h */ = {isa = PBXFileReference; fileEncoding = 4; lastKnownFileType = sourcecode.c.h; path = ofxUISortableList.h; sourceTree = "<group>"; };
		4981F48018B9CE6000AC85CD /* ofxUISpacer.cpp */ = {isa = PBXFileReference; fileEncoding = 4; lastKnownFileType = sourcecode.cpp.cpp; path = ofxUISpacer.cpp; sourceTree = "<group>"; };
		4981F48118B9CE6000AC85CD /* ofxUISpacer.h */ = {isa = PBXFileReference; fileEncoding = 4; lastKnownFileType = sourcecode.c.h; path = ofxUISpacer.h; sourceTree = "<group>"; };
		4981F48218B9CE6000AC85CD /* ofxUISpectrum.cpp */ = {isa = PBXFileReference; fileEncoding = 4; lastKnownFileType = sourcecode.cpp.cpp; path = ofxUISpectrum.cpp; sourceTree = "<group>"; };
		4981F48318B9CE6000AC85CD /* ofxUISpectrum.h */ = {isa = PBXFileReference; fileEncoding = 4; lastKnownFileType = sourcecode.c.h; path = ofxUISpectrum.h; sourceTree = "<group>"; };
		4981F48418B9CE6000AC85CD /* ofxUISuperCanvas.cpp */ = {isa = PBXFileReference; fileEncoding = 4; lastKnownFileType = sourcecode.cpp.cpp; path = ofxUISuperCanvas.cpp; sourceTree = "<group>"; };
		4981F48518B9CE6000AC85CD /* ofxUISuperCanvas.h */ = {isa = PBXFileReference; fileEncoding = 4; lastKnownFileType = sourcecode.c.h; path = ofxUISuperCanvas.h; sourceTree = "<group>"; };
		4981F48618B9CE6000AC85CD /* ofxUITabBar.cpp */ = {isa = PBXFileReference; fileEncoding = 4; lastKnownFileType = sourcecode.cpp.cpp; path = ofxUITabBar.cpp; sourceTree = "<group>"; };
		4981F48718B9CE6000AC85CD /* ofxUITabBar.h */ = {isa = PBXFileReference; fileEncoding = 4; lastKnownFileType = sourcecode.c.h; path = ofxUITabBar.h; sourceTree = "<group>"; };
		4981F48818B9CE6000AC85CD /* ofxUITextArea.cpp */ = {isa = PBXFileReference; fileEncoding = 4; lastKnownFileType = sourcecode.cpp.cpp; path = ofxUITextArea.cpp; sourceTree = "<group>"; };
		4981F48918B9CE6000AC85CD /* ofxUITextArea.h */ = {isa = PBXFileReference; fileEncoding = 4; lastKnownFileType = sourcecode.c.h; path = ofxUITextArea.h; sourceTree = "<group>"; };
		4981F48A18B9CE6000AC85CD /* ofxUITextInput.cpp */ = {isa = PBXFileReference; fileEncoding = 4; lastKnownFileType = sourcecode.cpp.cpp; path = ofxUITextInput.cpp; sourceTree = "<group>"; };
		4981F48B18B9CE6000AC85CD /* ofxUITextInput.h */ = {isa = PBXFileReference; fileEncoding = 4; lastKnownFileType = sourcecode.c.h; path = ofxUITextInput.h; sourceTree = "<group>"; };
		4981F48C18B9CE6000AC85CD /* ofxUIToggle.cpp */ = {isa = PBXFileReference; fileEncoding = 4; lastKnownFileType = sourcecode.cpp.cpp; path = ofxUIToggle.cpp; sourceTree = "<group>"; };
		4981F48D18B9CE6000AC85CD /* ofxUIToggle.h */ = {isa = PBXFileReference; fileEncoding = 4; lastKnownFileType = sourcecode.c.h; path = ofxUIToggle.h; sourceTree = "<group>"; };
		4981F48E18B9CE6000AC85CD /* ofxUIToggleMatrix.cpp */ = {isa = PBXFileReference; fileEncoding = 4; lastKnownFileType = sourcecode.cpp.cpp; path = ofxUIToggleMatrix.cpp; sourceTree = "<group>"; };
		4981F48F18B9CE6000AC85CD /* ofxUIToggleMatrix.h */ = {isa = PBXFileReference; fileEncoding = 4; lastKnownFileType = sourcecode.c.h; path = ofxUIToggleMatrix.h; sourceTree = "<group>"; };
		4981F49018B9CE6000AC85CD /* ofxUIUtils.h */ = {isa = PBXFileReference; fileEncoding = 4; lastKnownFileType = sourcecode.c.h; path = ofxUIUtils.h; sourceTree = "<group>"; };
		4981F49118B9CE6000AC85CD /* ofxUIValuePlotter.cpp */ = {isa = PBXFileReference; fileEncoding = 4; lastKnownFileType = sourcecode.cpp.cpp; path = ofxUIValuePlotter.cpp; sourceTree = "<group>"; };
		4981F49218B9CE6000AC85CD /* ofxUIValuePlotter.h */ = {isa = PBXFileReference; fileEncoding = 4; lastKnownFileType = sourcecode.c.h; path = ofxUIValuePlotter.h; sourceTree = "<group>"; };
		4981F49318B9CE6000AC85CD /* ofxUIWaveform.cpp */ = {isa = PBXFileReference; fileEncoding = 4; lastKnownFileType = sourcecode.cpp.cpp; path = ofxUIWaveform.cpp; sourceTree = "<group>"; };
		4981F49418B9CE6000AC85CD /* ofxUIWaveform.h */ = {isa = PBXFileReference; fileEncoding = 4; lastKnownFileType = sourcecode.c.h; path = ofxUIWaveform.h; sourceTree = "<group>"; };
		4981F49518B9CE6000AC85CD /* ofxUIWidget.cpp */ = {isa = PBXFileReference; fileEncoding = 4; lastKnownFileType = sourcecode.cpp.cpp; path = ofxUIWidget.cpp; sourceTree = "<group>"; };
		4981F49618B9CE6000AC85CD /* ofxUIWidget.h */ = {isa = PBXFileReference; fileEncoding = 4; lastKnownFileType = sourcecode.c.h; path = ofxUIWidget.h; sourceTree = "<group>"; };
		4981F49718B9CE6000AC85CD /* ofxUIWidgets.h */ = {isa = PBXFileReference; fileEncoding = 4; lastKnownFileType = sourcecode.c.h; path = ofxUIWidgets.h; sourceTree = "<group>"; };
		4981F49818B9CE6000AC85CD /* ofxUIWidgetWithLabel.cpp */ = {isa = PBXFileReference; fileEncoding = 4; lastKnownFileType = sourcecode.cpp.cpp; path = ofxUIWidgetWithLabel.cpp; sourceTree = "<group>"; };
		4981F49918B9CE6000AC85CD /* ofxUIWidgetWithLabel.h */ = {isa = PBXFileReference; fileEncoding = 4; lastKnownFileType = sourcecode.c.h; path = ofxUIWidgetWithLabel.h; sourceTree = "<group>"; };
		4981F49A18B9CE6000AC85CD /* ofxUIWrapper.h */ = {isa = PBXFileReference; fileEncoding = 4; lastKnownFileType = sourcecode.c.h; path = ofxUIWrapper.h; sourceTree = "<group>"; };
		4981F49D18B9CE6000AC85CD /* tinyxml.cpp */ = {isa = PBXFileReference; fileEncoding = 4; lastKnownFileType = sourcecode.cpp.cpp; path = tinyxml.cpp; sourceTree = "<group>"; };
		4981F49E18B9CE6000AC85CD /* tinyxml.h */ = {isa = PBXFileReference; fileEncoding = 4; lastKnownFileType = sourcecode.c.h; path = tinyxml.h; sourceTree = "<group>"; };
		4981F49F18B9CE6000AC85CD /* tinyxmlerror.cpp */ = {isa = PBXFileReference; fileEncoding = 4; lastKnownFileType = sourcecode.cpp.cpp; path = tinyxmlerror.cpp; sourceTree = "<group>"; };
		4981F4A018B9CE6000AC85CD /* tinyxmlparser.cpp */ = {isa = PBXFileReference; fileEncoding = 4; lastKnownFileType = sourcecode.cpp.cpp; path = tinyxmlparser.cpp; sourceTree = "<group>"; };
		4981F4A218B9CE6000AC85CD /* ofxXmlSettings.cpp */ = {isa = PBXFileReference; fileEncoding = 4; lastKnownFileType = sourcecode.cpp.cpp; path = ofxXmlSettings.cpp; sourceTree = "<group>"; };
		4981F4A318B9CE6000AC85CD /* ofxXmlSettings.h */ = {isa = PBXFileReference; fileEncoding = 4; lastKnownFileType = sourcecode.c.h; path = ofxXmlSettings.h; sourceTree = "<group>"; };
		BBAB23BE13894E4700AA2426 /* GLUT.framework */ = {isa = PBXFileReference; lastKnownFileType = wrapper.framework; name = GLUT.framework; path = ../../../libs/glut/lib/osx/GLUT.framework; sourceTree = "<group>"; };
		E4328143138ABC890047C5CB /* openFrameworksLib.xcodeproj */ = {isa = PBXFileReference; lastKnownFileType = "wrapper.pb-project"; name = openFrameworksLib.xcodeproj; path = ../../../libs/openFrameworksCompiled/project/osx/openFrameworksLib.xcodeproj; sourceTree = SOURCE_ROOT; };
		E45BE9710E8CC7DD009D7055 /* AGL.framework */ = {isa = PBXFileReference; lastKnownFileType = wrapper.framework; name = AGL.framework; path = /System/Library/Frameworks/AGL.framework; sourceTree = "<absolute>"; };
		E45BE9720E8CC7DD009D7055 /* ApplicationServices.framework */ = {isa = PBXFileReference; lastKnownFileType = wrapper.framework; name = ApplicationServices.framework; path = /System/Library/Frameworks/ApplicationServices.framework; sourceTree = "<absolute>"; };
		E45BE9730E8CC7DD009D7055 /* AudioToolbox.framework */ = {isa = PBXFileReference; lastKnownFileType = wrapper.framework; name = AudioToolbox.framework; path = /System/Library/Frameworks/AudioToolbox.framework; sourceTree = "<absolute>"; };
		E45BE9740E8CC7DD009D7055 /* Carbon.framework */ = {isa = PBXFileReference; lastKnownFileType = wrapper.framework; name = Carbon.framework; path = /System/Library/Frameworks/Carbon.framework; sourceTree = "<absolute>"; };
		E45BE9750E8CC7DD009D7055 /* CoreAudio.framework */ = {isa = PBXFileReference; lastKnownFileType = wrapper.framework; name = CoreAudio.framework; path = /System/Library/Frameworks/CoreAudio.framework; sourceTree = "<absolute>"; };
		E45BE9760E8CC7DD009D7055 /* CoreFoundation.framework */ = {isa = PBXFileReference; lastKnownFileType = wrapper.framework; name = CoreFoundation.framework; path = /System/Library/Frameworks/CoreFoundation.framework; sourceTree = "<absolute>"; };
		E45BE9770E8CC7DD009D7055 /* CoreServices.framework */ = {isa = PBXFileReference; lastKnownFileType = wrapper.framework; name = CoreServices.framework; path = /System/Library/Frameworks/CoreServices.framework; sourceTree = "<absolute>"; };
		E45BE9790E8CC7DD009D7055 /* OpenGL.framework */ = {isa = PBXFileReference; lastKnownFileType = wrapper.framework; name = OpenGL.framework; path = /System/Library/Frameworks/OpenGL.framework; sourceTree = "<absolute>"; };
		E45BE97A0E8CC7DD009D7055 /* QuickTime.framework */ = {isa = PBXFileReference; lastKnownFileType = wrapper.framework; name = QuickTime.framework; path = /System/Library/Frameworks/QuickTime.framework; sourceTree = "<absolute>"; };
		E4B69B5B0A3A1756003C02F2 /* gamepadToOscDebug.app */ = {isa = PBXFileReference; explicitFileType = wrapper.application; includeInIndex = 0; path = gamepadToOscDebug.app; sourceTree = BUILT_PRODUCTS_DIR; };
		E4B69E1D0A3A1BDC003C02F2 /* main.cpp */ = {isa = PBXFileReference; fileEncoding = 30; lastKnownFileType = sourcecode.cpp.cpp; name = main.cpp; path = src/main.cpp; sourceTree = SOURCE_ROOT; };
		E4B69E1E0A3A1BDC003C02F2 /* testApp.cpp */ = {isa = PBXFileReference; explicitFileType = sourcecode.cpp.cpp; fileEncoding = 30; name = testApp.cpp; path = src/testApp.cpp; sourceTree = SOURCE_ROOT; };
		E4B69E1F0A3A1BDC003C02F2 /* testApp.h */ = {isa = PBXFileReference; fileEncoding = 30; lastKnownFileType = sourcecode.c.h; name = testApp.h; path = src/testApp.h; sourceTree = SOURCE_ROOT; };
		E4B6FCAD0C3E899E008CF71C /* openFrameworks-Info.plist */ = {isa = PBXFileReference; fileEncoding = 30; lastKnownFileType = text.plist.xml; path = "openFrameworks-Info.plist"; sourceTree = "<group>"; };
		E4C2424410CC5A17004149E2 /* AppKit.framework */ = {isa = PBXFileReference; lastKnownFileType = wrapper.framework; name = AppKit.framework; path = /System/Library/Frameworks/AppKit.framework; sourceTree = "<absolute>"; };
		E4C2424510CC5A17004149E2 /* Cocoa.framework */ = {isa = PBXFileReference; lastKnownFileType = wrapper.framework; name = Cocoa.framework; path = /System/Library/Frameworks/Cocoa.framework; sourceTree = "<absolute>"; };
		E4C2424610CC5A17004149E2 /* IOKit.framework */ = {isa = PBXFileReference; lastKnownFileType = wrapper.framework; name = IOKit.framework; path = /System/Library/Frameworks/IOKit.framework; sourceTree = "<absolute>"; };
		E4EB691F138AFCF100A09F29 /* CoreOF.xcconfig */ = {isa = PBXFileReference; fileEncoding = 4; lastKnownFileType = text.xcconfig; name = CoreOF.xcconfig; path = ../../../libs/openFrameworksCompiled/project/osx/CoreOF.xcconfig; sourceTree = SOURCE_ROOT; };
		E4EB6923138AFD0F00A09F29 /* Project.xcconfig */ = {isa = PBXFileReference; fileEncoding = 4; lastKnownFileType = text.xcconfig; path = Project.xcconfig; sourceTree = "<group>"; };
		E7E077E415D3B63C0020DFD4 /* CoreVideo.framework */ = {isa = PBXFileReference; lastKnownFileType = wrapper.framework; name = CoreVideo.framework; path = /System/Library/Frameworks/CoreVideo.framework; sourceTree = "<absolute>"; };
		E7E077E715D3B6510020DFD4 /* QTKit.framework */ = {isa = PBXFileReference; lastKnownFileType = wrapper.framework; name = QTKit.framework; path = /System/Library/Frameworks/QTKit.framework; sourceTree = "<absolute>"; };
		E7F985F515E0DE99003869B5 /* Accelerate.framework */ = {isa = PBXFileReference; lastKnownFileType = wrapper.framework; name = Accelerate.framework; path = /System/Library/Frameworks/Accelerate.framework; sourceTree = "<absolute>"; };
/* End PBXFileReference section */

/* Begin PBXFrameworksBuildPhase section */
		E4B69B590A3A1756003C02F2 /* Frameworks */ = {
			isa = PBXFrameworksBuildPhase;
			buildActionMask = 2147483647;
			files = (
				E7F985F815E0DEA3003869B5 /* Accelerate.framework in Frameworks */,
				E7E077E815D3B6510020DFD4 /* QTKit.framework in Frameworks */,
				E4EB6799138ADC1D00A09F29 /* GLUT.framework in Frameworks */,
				E4328149138ABC9F0047C5CB /* openFrameworksDebug.a in Frameworks */,
				E45BE97B0E8CC7DD009D7055 /* AGL.framework in Frameworks */,
				E45BE97C0E8CC7DD009D7055 /* ApplicationServices.framework in Frameworks */,
				E45BE97D0E8CC7DD009D7055 /* AudioToolbox.framework in Frameworks */,
				E45BE97E0E8CC7DD009D7055 /* Carbon.framework in Frameworks */,
				E45BE97F0E8CC7DD009D7055 /* CoreAudio.framework in Frameworks */,
				E45BE9800E8CC7DD009D7055 /* CoreFoundation.framework in Frameworks */,
				E45BE9810E8CC7DD009D7055 /* CoreServices.framework in Frameworks */,
				E45BE9830E8CC7DD009D7055 /* OpenGL.framework in Frameworks */,
				E45BE9840E8CC7DD009D7055 /* QuickTime.framework in Frameworks */,
				E4C2424710CC5A17004149E2 /* AppKit.framework in Frameworks */,
				E4C2424810CC5A17004149E2 /* Cocoa.framework in Frameworks */,
				E4C2424910CC5A17004149E2 /* IOKit.framework in Frameworks */,
				E7E077E515D3B63C0020DFD4 /* CoreVideo.framework in Frameworks */,
			);
			runOnlyForDeploymentPostprocessing = 0;
		};
/* End PBXFrameworksBuildPhase section */

/* Begin PBXGroup section */
		4953450B18BC7FAC002D9DD5 /* ois */ = {
			isa = PBXGroup;
			children = (
				4953452818BC8CC8002D9DD5 /* includes */,
				4953450C18BC8C90002D9DD5 /* src */,
			);
			name = ois;
			sourceTree = "<group>";
		};
		4953450C18BC8C90002D9DD5 /* src */ = {
			isa = PBXGroup;
			children = (
				4953450D18BC8CA1002D9DD5 /* OISEffect.cpp */,
				4953450E18BC8CA1002D9DD5 /* OISException.cpp */,
				4953450F18BC8CA1002D9DD5 /* OISForceFeedback.cpp */,
				4953451018BC8CA1002D9DD5 /* OISInputManager.cpp */,
				4953451118BC8CA1002D9DD5 /* OISJoyStick.cpp */,
				4953451218BC8CA1002D9DD5 /* OISKeyboard.cpp */,
				4953451318BC8CA1002D9DD5 /* OISObject.cpp */,
				4953451B18BC8CAC002D9DD5 /* MacHelpers.cpp */,
				4953451C18BC8CAC002D9DD5 /* MacHIDManager.cpp */,
				4953451D18BC8CAC002D9DD5 /* MacInputManager.cpp */,
				4953451E18BC8CAC002D9DD5 /* MacJoyStick.cpp */,
				4953451F18BC8CAC002D9DD5 /* MacKeyboard.cpp */,
				4953452018BC8CAC002D9DD5 /* MacMouse.cpp */,
				4981F24718B9CE5800AC85CD /* ofxGamepadHandler.cpp */,
				4981F24218B9CE5800AC85CD /* ofxGamepad.cpp */,
				4981F24B18B9CE5800AC85CD /* ofxGamepadOIS.cpp */,
			);
			name = src;
			sourceTree = "<group>";
		};
		4953452818BC8CC8002D9DD5 /* includes */ = {
			isa = PBXGroup;
			children = (
				4953452918BC8CD8002D9DD5 /* OIS.h */,
				4953452A18BC8CD8002D9DD5 /* OISConfig.h */,
				4953452B18BC8CD8002D9DD5 /* OISEffect.h */,
				4953452C18BC8CD8002D9DD5 /* OISEvents.h */,
				4953452D18BC8CD8002D9DD5 /* OISException.h */,
				4953452E18BC8CD8002D9DD5 /* OISFactoryCreator.h */,
				4953452F18BC8CD8002D9DD5 /* OISForceFeedback.h */,
				4953453018BC8CD8002D9DD5 /* OISInputManager.h */,
				4953453118BC8CD8002D9DD5 /* OISInterface.h */,
				4953453218BC8CD8002D9DD5 /* OISJoyStick.h */,
				4953453318BC8CD8002D9DD5 /* OISKeyboard.h */,
				4953453418BC8CD8002D9DD5 /* OISMouse.h */,
				4953453518BC8CD8002D9DD5 /* OISMultiTouch.h */,
				4953453618BC8CD8002D9DD5 /* OISObject.h */,
				4953453718BC8CD8002D9DD5 /* OISPrereqs.h */,
				4953453818BC8CE1002D9DD5 /* MacHelpers.h */,
				4953453918BC8CE1002D9DD5 /* MacHIDManager.h */,
				4953453A18BC8CE1002D9DD5 /* MacInputManager.h */,
				4953453B18BC8CE1002D9DD5 /* MacJoyStick.h */,
				4953453C18BC8CE1002D9DD5 /* MacKeyboard.h */,
				4953453D18BC8CE1002D9DD5 /* MacMouse.h */,
				4953453E18BC8CE1002D9DD5 /* MacPrereqs.h */,
				4981F24818B9CE5800AC85CD /* ofxGamepadHandler.h */,
				4981F24318B9CE5800AC85CD /* ofxGamepad.h */,
				4981F24C18B9CE5800AC85CD /* ofxGamepadOIS.h */,
				4981F24618B9CE5800AC85CD /* ofxGamepadConfigs.h */,
			);
			name = includes;
			sourceTree = "<group>";
		};
		4981F24D18B9CE5800AC85CD /* ofxOsc */ = {
			isa = PBXGroup;
			children = (
				4981F24E18B9CE5800AC85CD /* libs */,
				4981F26B18B9CE5800AC85CD /* src */,
			);
			path = ofxOsc;
			sourceTree = "<group>";
		};
		4981F24E18B9CE5800AC85CD /* libs */ = {
			isa = PBXGroup;
			children = (
				4981F24F18B9CE5800AC85CD /* oscpack */,
			);
			path = libs;
			sourceTree = "<group>";
		};
		4981F24F18B9CE5800AC85CD /* oscpack */ = {
			isa = PBXGroup;
			children = (
				4981F25018B9CE5800AC85CD /* src */,
			);
			path = oscpack;
			sourceTree = "<group>";
		};
		4981F25018B9CE5800AC85CD /* src */ = {
			isa = PBXGroup;
			children = (
				4981F25118B9CE5800AC85CD /* ip */,
				4981F25E18B9CE5800AC85CD /* osc */,
			);
			path = src;
			sourceTree = "<group>";
		};
		4981F25118B9CE5800AC85CD /* ip */ = {
			isa = PBXGroup;
			children = (
				4981F25218B9CE5800AC85CD /* IpEndpointName.cpp */,
				4981F25318B9CE5800AC85CD /* IpEndpointName.h */,
				4981F25418B9CE5800AC85CD /* NetworkingUtils.h */,
				4981F25518B9CE5800AC85CD /* PacketListener.h */,
				4981F25618B9CE5800AC85CD /* posix */,
				4981F25918B9CE5800AC85CD /* TimerListener.h */,
				4981F25A18B9CE5800AC85CD /* UdpSocket.h */,
				4981F25B18B9CE5800AC85CD /* win32 */,
			);
			path = ip;
			sourceTree = "<group>";
		};
		4981F25618B9CE5800AC85CD /* posix */ = {
			isa = PBXGroup;
			children = (
				4981F25718B9CE5800AC85CD /* NetworkingUtils.cpp */,
				4981F25818B9CE5800AC85CD /* UdpSocket.cpp */,
			);
			path = posix;
			sourceTree = "<group>";
		};
		4981F25B18B9CE5800AC85CD /* win32 */ = {
			isa = PBXGroup;
			children = (
				4981F25C18B9CE5800AC85CD /* NetworkingUtilsWin.cpp */,
				4981F25D18B9CE5800AC85CD /* UdpSocketWin.cpp */,
			);
			path = win32;
			sourceTree = "<group>";
		};
		4981F25E18B9CE5800AC85CD /* osc */ = {
			isa = PBXGroup;
			children = (
				4981F25F18B9CE5800AC85CD /* MessageMappingOscPacketListener.h */,
				4981F26018B9CE5800AC85CD /* OscException.h */,
				4981F26118B9CE5800AC85CD /* OscHostEndianness.h */,
				4981F26218B9CE5800AC85CD /* OscOutboundPacketStream.cpp */,
				4981F26318B9CE5800AC85CD /* OscOutboundPacketStream.h */,
				4981F26418B9CE5800AC85CD /* OscPacketListener.h */,
				4981F26518B9CE5800AC85CD /* OscPrintReceivedElements.cpp */,
				4981F26618B9CE5800AC85CD /* OscPrintReceivedElements.h */,
				4981F26718B9CE5800AC85CD /* OscReceivedElements.cpp */,
				4981F26818B9CE5800AC85CD /* OscReceivedElements.h */,
				4981F26918B9CE5800AC85CD /* OscTypes.cpp */,
				4981F26A18B9CE5800AC85CD /* OscTypes.h */,
			);
			path = osc;
			sourceTree = "<group>";
		};
		4981F26B18B9CE5800AC85CD /* src */ = {
			isa = PBXGroup;
			children = (
				4981F26C18B9CE5800AC85CD /* ofxOsc.h */,
				4981F26D18B9CE5800AC85CD /* ofxOscArg.h */,
				4981F26E18B9CE5800AC85CD /* ofxOscBundle.cpp */,
				4981F26F18B9CE5800AC85CD /* ofxOscBundle.h */,
				4981F27018B9CE5800AC85CD /* ofxOscMessage.cpp */,
				4981F27118B9CE5800AC85CD /* ofxOscMessage.h */,
				4981F27218B9CE5800AC85CD /* ofxOscParameterSync.cpp */,
				4981F27318B9CE5800AC85CD /* ofxOscParameterSync.h */,
				4981F27418B9CE5800AC85CD /* ofxOscReceiver.cpp */,
				4981F27518B9CE5800AC85CD /* ofxOscReceiver.h */,
				4981F27618B9CE5800AC85CD /* ofxOscSender.cpp */,
				4981F27718B9CE5800AC85CD /* ofxOscSender.h */,
			);
			path = src;
			sourceTree = "<group>";
		};
		4981F27818B9CE5800AC85CD /* ofxUI */ = {
			isa = PBXGroup;
			children = (
				4981F43C18B9CE6000AC85CD /* src */,
			);
			path = ofxUI;
			sourceTree = "<group>";
		};
		4981F43C18B9CE6000AC85CD /* src */ = {
			isa = PBXGroup;
			children = (
				4981F43D18B9CE6000AC85CD /* ofxUI.h */,
				4981F43E18B9CE6000AC85CD /* ofxUI2DGraph.cpp */,
				4981F43F18B9CE6000AC85CD /* ofxUI2DGraph.h */,
				4981F44018B9CE6000AC85CD /* ofxUI2DPad.cpp */,
				4981F44118B9CE6000AC85CD /* ofxUI2DPad.h */,
				4981F44218B9CE6000AC85CD /* ofxUIBaseDraws.cpp */,
				4981F44318B9CE6000AC85CD /* ofxUIBaseDraws.h */,
				4981F44418B9CE6000AC85CD /* ofxUIBiLabelSlider.cpp */,
				4981F44518B9CE6000AC85CD /* ofxUIBiLabelSlider.h */,
				4981F44618B9CE6000AC85CD /* ofxUIButton.cpp */,
				4981F44718B9CE6000AC85CD /* ofxUIButton.h */,
				4981F44818B9CE6000AC85CD /* ofxUICanvas.cpp */,
				4981F44918B9CE6000AC85CD /* ofxUICanvas.h */,
				4981F44A18B9CE6000AC85CD /* ofxUICircleSlider.cpp */,
				4981F44B18B9CE6000AC85CD /* ofxUICircleSlider.h */,
				4981F44C18B9CE6000AC85CD /* ofxUIDefines.h */,
				4981F44D18B9CE6000AC85CD /* ofxUIDragableLabelButton.cpp */,
				4981F44E18B9CE6000AC85CD /* ofxUIDragableLabelButton.h */,
				4981F44F18B9CE6000AC85CD /* ofxUIDropDownList.cpp */,
				4981F45018B9CE6000AC85CD /* ofxUIDropDownList.h */,
				4981F45118B9CE6000AC85CD /* ofxUIEventArgs.cpp */,
				4981F45218B9CE6000AC85CD /* ofxUIEventArgs.h */,
				4981F45318B9CE6000AC85CD /* ofxUIFPS.cpp */,
				4981F45418B9CE6000AC85CD /* ofxUIFPS.h */,
				4981F45518B9CE6000AC85CD /* ofxUIFPSSlider.cpp */,
				4981F45618B9CE6000AC85CD /* ofxUIFPSSlider.h */,
				4981F45718B9CE6000AC85CD /* ofxUIImage.cpp */,
				4981F45818B9CE6000AC85CD /* ofxUIImage.h */,
				4981F45918B9CE6000AC85CD /* ofxUIImageButton.cpp */,
				4981F45A18B9CE6000AC85CD /* ofxUIImageButton.h */,
				4981F45B18B9CE6000AC85CD /* ofxUIImageSampler.cpp */,
				4981F45C18B9CE6000AC85CD /* ofxUIImageSampler.h */,
				4981F45D18B9CE6000AC85CD /* ofxUIImageSlider.cpp */,
				4981F45E18B9CE6000AC85CD /* ofxUIImageSlider.h */,
				4981F45F18B9CE6000AC85CD /* ofxUIImageToggle.cpp */,
				4981F46018B9CE6000AC85CD /* ofxUIImageToggle.h */,
				4981F46118B9CE6000AC85CD /* ofxUILabel.cpp */,
				4981F46218B9CE6000AC85CD /* ofxUILabel.h */,
				4981F46318B9CE6000AC85CD /* ofxUILabelButton.cpp */,
				4981F46418B9CE6000AC85CD /* ofxUILabelButton.h */,
				4981F46518B9CE6000AC85CD /* ofxUILabelToggle.cpp */,
				4981F46618B9CE6000AC85CD /* ofxUILabelToggle.h */,
				4981F46718B9CE6000AC85CD /* ofxUIMinimalSlider.cpp */,
				4981F46818B9CE6000AC85CD /* ofxUIMinimalSlider.h */,
				4981F46918B9CE6000AC85CD /* ofxUIMovingGraph.cpp */,
				4981F46A18B9CE6000AC85CD /* ofxUIMovingGraph.h */,
				4981F46B18B9CE6000AC85CD /* ofxUIMultiImageButton.cpp */,
				4981F46C18B9CE6000AC85CD /* ofxUIMultiImageButton.h */,
				4981F46D18B9CE6000AC85CD /* ofxUIMultiImageToggle.cpp */,
				4981F46E18B9CE6000AC85CD /* ofxUIMultiImageToggle.h */,
				4981F46F18B9CE6000AC85CD /* ofxUINumberDialer.cpp */,
				4981F47018B9CE6000AC85CD /* ofxUINumberDialer.h */,
				4981F47118B9CE6000AC85CD /* ofxUIOFWrapper.h */,
				4981F47218B9CE6000AC85CD /* ofxUIRadio.cpp */,
				4981F47318B9CE6000AC85CD /* ofxUIRadio.h */,
				4981F47418B9CE6000AC85CD /* ofxUIRangeSlider.cpp */,
				4981F47518B9CE6000AC85CD /* ofxUIRangeSlider.h */,
				4981F47618B9CE6000AC85CD /* ofxUIRectangle.cpp */,
				4981F47718B9CE6000AC85CD /* ofxUIRectangle.h */,
				4981F47818B9CE6000AC85CD /* ofxUIRotarySlider.cpp */,
				4981F47918B9CE6000AC85CD /* ofxUIRotarySlider.h */,
				4981F47A18B9CE6000AC85CD /* ofxUIScrollableCanvas.cpp */,
				4981F47B18B9CE6000AC85CD /* ofxUIScrollableCanvas.h */,
				4981F47C18B9CE6000AC85CD /* ofxUISlider.cpp */,
				4981F47D18B9CE6000AC85CD /* ofxUISlider.h */,
				4981F47E18B9CE6000AC85CD /* ofxUISortableList.cpp */,
				4981F47F18B9CE6000AC85CD /* ofxUISortableList.h */,
				4981F48018B9CE6000AC85CD /* ofxUISpacer.cpp */,
				4981F48118B9CE6000AC85CD /* ofxUISpacer.h */,
				4981F48218B9CE6000AC85CD /* ofxUISpectrum.cpp */,
				4981F48318B9CE6000AC85CD /* ofxUISpectrum.h */,
				4981F48418B9CE6000AC85CD /* ofxUISuperCanvas.cpp */,
				4981F48518B9CE6000AC85CD /* ofxUISuperCanvas.h */,
				4981F48618B9CE6000AC85CD /* ofxUITabBar.cpp */,
				4981F48718B9CE6000AC85CD /* ofxUITabBar.h */,
				4981F48818B9CE6000AC85CD /* ofxUITextArea.cpp */,
				4981F48918B9CE6000AC85CD /* ofxUITextArea.h */,
				4981F48A18B9CE6000AC85CD /* ofxUITextInput.cpp */,
				4981F48B18B9CE6000AC85CD /* ofxUITextInput.h */,
				4981F48C18B9CE6000AC85CD /* ofxUIToggle.cpp */,
				4981F48D18B9CE6000AC85CD /* ofxUIToggle.h */,
				4981F48E18B9CE6000AC85CD /* ofxUIToggleMatrix.cpp */,
				4981F48F18B9CE6000AC85CD /* ofxUIToggleMatrix.h */,
				4981F49018B9CE6000AC85CD /* ofxUIUtils.h */,
				4981F49118B9CE6000AC85CD /* ofxUIValuePlotter.cpp */,
				4981F49218B9CE6000AC85CD /* ofxUIValuePlotter.h */,
				4981F49318B9CE6000AC85CD /* ofxUIWaveform.cpp */,
				4981F49418B9CE6000AC85CD /* ofxUIWaveform.h */,
				4981F49518B9CE6000AC85CD /* ofxUIWidget.cpp */,
				4981F49618B9CE6000AC85CD /* ofxUIWidget.h */,
				4981F49718B9CE6000AC85CD /* ofxUIWidgets.h */,
				4981F49818B9CE6000AC85CD /* ofxUIWidgetWithLabel.cpp */,
				4981F49918B9CE6000AC85CD /* ofxUIWidgetWithLabel.h */,
				4981F49A18B9CE6000AC85CD /* ofxUIWrapper.h */,
			);
			path = src;
			sourceTree = "<group>";
		};
		4981F49B18B9CE6000AC85CD /* ofxXmlSettings */ = {
			isa = PBXGroup;
			children = (
				4981F49C18B9CE6000AC85CD /* libs */,
				4981F4A118B9CE6000AC85CD /* src */,
			);
			path = ofxXmlSettings;
			sourceTree = "<group>";
		};
		4981F49C18B9CE6000AC85CD /* libs */ = {
			isa = PBXGroup;
			children = (
				4981F49D18B9CE6000AC85CD /* tinyxml.cpp */,
				4981F49E18B9CE6000AC85CD /* tinyxml.h */,
				4981F49F18B9CE6000AC85CD /* tinyxmlerror.cpp */,
				4981F4A018B9CE6000AC85CD /* tinyxmlparser.cpp */,
			);
			path = libs;
			sourceTree = "<group>";
		};
		4981F4A118B9CE6000AC85CD /* src */ = {
			isa = PBXGroup;
			children = (
				4981F4A218B9CE6000AC85CD /* ofxXmlSettings.cpp */,
				4981F4A318B9CE6000AC85CD /* ofxXmlSettings.h */,
			);
			path = src;
			sourceTree = "<group>";
		};
		BB4B014C10F69532006C3DED /* addons */ = {
			isa = PBXGroup;
			children = (
				4981F24D18B9CE5800AC85CD /* ofxOsc */,
				4981F27818B9CE5800AC85CD /* ofxUI */,
				4981F49B18B9CE6000AC85CD /* ofxXmlSettings */,
			);
			name = addons;
			sourceTree = "<group>";
		};
		BBAB23C913894ECA00AA2426 /* system frameworks */ = {
			isa = PBXGroup;
			children = (
				E7F985F515E0DE99003869B5 /* Accelerate.framework */,
				E4C2424410CC5A17004149E2 /* AppKit.framework */,
				E4C2424510CC5A17004149E2 /* Cocoa.framework */,
				E4C2424610CC5A17004149E2 /* IOKit.framework */,
				E45BE9710E8CC7DD009D7055 /* AGL.framework */,
				E45BE9720E8CC7DD009D7055 /* ApplicationServices.framework */,
				E45BE9730E8CC7DD009D7055 /* AudioToolbox.framework */,
				E45BE9740E8CC7DD009D7055 /* Carbon.framework */,
				E45BE9750E8CC7DD009D7055 /* CoreAudio.framework */,
				E45BE9760E8CC7DD009D7055 /* CoreFoundation.framework */,
				E45BE9770E8CC7DD009D7055 /* CoreServices.framework */,
				E45BE9790E8CC7DD009D7055 /* OpenGL.framework */,
				E45BE97A0E8CC7DD009D7055 /* QuickTime.framework */,
				E7E077E415D3B63C0020DFD4 /* CoreVideo.framework */,
				E7E077E715D3B6510020DFD4 /* QTKit.framework */,
			);
			name = "system frameworks";
			sourceTree = "<group>";
		};
		BBAB23CA13894EDB00AA2426 /* 3rd party frameworks */ = {
			isa = PBXGroup;
			children = (
				BBAB23BE13894E4700AA2426 /* GLUT.framework */,
			);
			name = "3rd party frameworks";
			sourceTree = "<group>";
		};
		E4328144138ABC890047C5CB /* Products */ = {
			isa = PBXGroup;
			children = (
				E4328148138ABC890047C5CB /* openFrameworksDebug.a */,
			);
			name = Products;
			sourceTree = "<group>";
		};
		E45BE5980E8CC70C009D7055 /* frameworks */ = {
			isa = PBXGroup;
			children = (
				BBAB23CA13894EDB00AA2426 /* 3rd party frameworks */,
				BBAB23C913894ECA00AA2426 /* system frameworks */,
			);
			name = frameworks;
			sourceTree = "<group>";
		};
		E4B69B4A0A3A1720003C02F2 = {
			isa = PBXGroup;
			children = (
				E4B6FCAD0C3E899E008CF71C /* openFrameworks-Info.plist */,
				E4EB6923138AFD0F00A09F29 /* Project.xcconfig */,
				E4B69E1C0A3A1BDC003C02F2 /* src */,
				4953450B18BC7FAC002D9DD5 /* ois */,
				E4EEC9E9138DF44700A80321 /* openFrameworks */,
				BB4B014C10F69532006C3DED /* addons */,
				E45BE5980E8CC70C009D7055 /* frameworks */,
				E4B69B5B0A3A1756003C02F2 /* gamepadToOscDebug.app */,
			);
			sourceTree = "<group>";
		};
		E4B69E1C0A3A1BDC003C02F2 /* src */ = {
			isa = PBXGroup;
			children = (
				E4B69E1D0A3A1BDC003C02F2 /* main.cpp */,
				E4B69E1E0A3A1BDC003C02F2 /* testApp.cpp */,
				E4B69E1F0A3A1BDC003C02F2 /* testApp.h */,
			);
			path = src;
			sourceTree = SOURCE_ROOT;
		};
		E4EEC9E9138DF44700A80321 /* openFrameworks */ = {
			isa = PBXGroup;
			children = (
				E4EB691F138AFCF100A09F29 /* CoreOF.xcconfig */,
				E4328143138ABC890047C5CB /* openFrameworksLib.xcodeproj */,
			);
			name = openFrameworks;
			sourceTree = "<group>";
		};
/* End PBXGroup section */

/* Begin PBXNativeTarget section */
		E4B69B5A0A3A1756003C02F2 /* gamepadToOsc */ = {
			isa = PBXNativeTarget;
			buildConfigurationList = E4B69B5F0A3A1757003C02F2 /* Build configuration list for PBXNativeTarget "gamepadToOsc" */;
			buildPhases = (
				E4B69B580A3A1756003C02F2 /* Sources */,
				E4B69B590A3A1756003C02F2 /* Frameworks */,
				E4B6FFFD0C3F9AB9008CF71C /* ShellScript */,
				E4C2427710CC5ABF004149E2 /* CopyFiles */,
			);
			buildRules = (
			);
			dependencies = (
				E4EEB9AC138B136A00A80321 /* PBXTargetDependency */,
			);
			name = gamepadToOsc;
			productName = myOFApp;
			productReference = E4B69B5B0A3A1756003C02F2 /* gamepadToOscDebug.app */;
			productType = "com.apple.product-type.application";
		};
/* End PBXNativeTarget section */

/* Begin PBXProject section */
		E4B69B4C0A3A1720003C02F2 /* Project object */ = {
			isa = PBXProject;
			attributes = {
				LastUpgradeCheck = 0460;
			};
			buildConfigurationList = E4B69B4D0A3A1720003C02F2 /* Build configuration list for PBXProject "gamepadToOsc" */;
			compatibilityVersion = "Xcode 3.2";
			developmentRegion = English;
			hasScannedForEncodings = 0;
			knownRegions = (
				English,
				Japanese,
				French,
				German,
			);
			mainGroup = E4B69B4A0A3A1720003C02F2;
			productRefGroup = E4B69B4A0A3A1720003C02F2;
			projectDirPath = "";
			projectReferences = (
				{
					ProductGroup = E4328144138ABC890047C5CB /* Products */;
					ProjectRef = E4328143138ABC890047C5CB /* openFrameworksLib.xcodeproj */;
				},
			);
			projectRoot = "";
			targets = (
				E4B69B5A0A3A1756003C02F2 /* gamepadToOsc */,
			);
		};
/* End PBXProject section */

/* Begin PBXReferenceProxy section */
		E4328148138ABC890047C5CB /* openFrameworksDebug.a */ = {
			isa = PBXReferenceProxy;
			fileType = archive.ar;
			path = openFrameworksDebug.a;
			remoteRef = E4328147138ABC890047C5CB /* PBXContainerItemProxy */;
			sourceTree = BUILT_PRODUCTS_DIR;
		};
/* End PBXReferenceProxy section */

/* Begin PBXShellScriptBuildPhase section */
		E4B6FFFD0C3F9AB9008CF71C /* ShellScript */ = {
			isa = PBXShellScriptBuildPhase;
			buildActionMask = 2147483647;
			files = (
			);
			inputPaths = (
			);
			outputPaths = (
			);
			runOnlyForDeploymentPostprocessing = 0;
			shellPath = /bin/sh;
			shellScript = "cp -f ../../../libs/fmodex/lib/osx/libfmodex.dylib \"$TARGET_BUILD_DIR/$PRODUCT_NAME.app/Contents/MacOS/libfmodex.dylib\"; install_name_tool -change ./libfmodex.dylib @executable_path/libfmodex.dylib \"$TARGET_BUILD_DIR/$PRODUCT_NAME.app/Contents/MacOS/$PRODUCT_NAME\";\nmkdir -p \"$TARGET_BUILD_DIR/$PRODUCT_NAME.app/Contents/Resources/\"\ncp -f \"$ICON_FILE\" \"$TARGET_BUILD_DIR/$PRODUCT_NAME.app/Contents/Resources/\"\n";
		};
/* End PBXShellScriptBuildPhase section */

/* Begin PBXSourcesBuildPhase section */
		E4B69B580A3A1756003C02F2 /* Sources */ = {
			isa = PBXSourcesBuildPhase;
			buildActionMask = 2147483647;
			files = (
				4953452518BC8CAC002D9DD5 /* MacKeyboard.cpp in Sources */,
				4981F51F18B9CE6000AC85CD /* tinyxml.cpp in Sources */,
				4981F4AF18B9CE6000AC85CD /* ofxGamepadHandler.cpp in Sources */,
				4953451418BC8CA1002D9DD5 /* OISEffect.cpp in Sources */,
				4981F4BB18B9CE6000AC85CD /* ofxOscBundle.cpp in Sources */,
				4981F4BD18B9CE6000AC85CD /* ofxOscParameterSync.cpp in Sources */,
				4981F4F318B9CE6000AC85CD /* ofxUI2DGraph.cpp in Sources */,
				4981F50C18B9CE6000AC85CD /* ofxUIRadio.cpp in Sources */,
				4981F4B418B9CE6000AC85CD /* UdpSocket.cpp in Sources */,
				4981F51818B9CE6000AC85CD /* ofxUITextInput.cpp in Sources */,
				4953451518BC8CA1002D9DD5 /* OISException.cpp in Sources */,
				4981F4B818B9CE6000AC85CD /* OscPrintReceivedElements.cpp in Sources */,
				4981F4FD18B9CE6000AC85CD /* ofxUIFPS.cpp in Sources */,
				4981F51318B9CE6000AC85CD /* ofxUISpacer.cpp in Sources */,
				4981F51618B9CE6000AC85CD /* ofxUITabBar.cpp in Sources */,
				4981F4F518B9CE6000AC85CD /* ofxUIBaseDraws.cpp in Sources */,
				4981F51918B9CE6000AC85CD /* ofxUIToggle.cpp in Sources */,
				4981F4FB18B9CE6000AC85CD /* ofxUIDropDownList.cpp in Sources */,
				4981F52118B9CE6000AC85CD /* tinyxmlparser.cpp in Sources */,
				4953451618BC8CA1002D9DD5 /* OISForceFeedback.cpp in Sources */,
				4953451718BC8CA1002D9DD5 /* OISInputManager.cpp in Sources */,
				4981F51018B9CE6000AC85CD /* ofxUIScrollableCanvas.cpp in Sources */,
				4981F50318B9CE6000AC85CD /* ofxUIImageToggle.cpp in Sources */,
				4981F51B18B9CE6000AC85CD /* ofxUIValuePlotter.cpp in Sources */,
				4953452318BC8CAC002D9DD5 /* MacInputManager.cpp in Sources */,
				4953451818BC8CA1002D9DD5 /* OISJoyStick.cpp in Sources */,
				4981F4B518B9CE6000AC85CD /* NetworkingUtilsWin.cpp in Sources */,
				4981F4B718B9CE6000AC85CD /* OscOutboundPacketStream.cpp in Sources */,
				4981F50A18B9CE6000AC85CD /* ofxUIMultiImageToggle.cpp in Sources */,
				4953452618BC8CAC002D9DD5 /* MacMouse.cpp in Sources */,
				4981F51E18B9CE6000AC85CD /* ofxUIWidgetWithLabel.cpp in Sources */,
				4981F51418B9CE6000AC85CD /* ofxUISpectrum.cpp in Sources */,
				4981F51218B9CE6000AC85CD /* ofxUISortableList.cpp in Sources */,
				4953452418BC8CAC002D9DD5 /* MacJoyStick.cpp in Sources */,
				4981F4BE18B9CE6000AC85CD /* ofxOscReceiver.cpp in Sources */,
				4981F4F818B9CE6000AC85CD /* ofxUICanvas.cpp in Sources */,
				4981F4FA18B9CE6000AC85CD /* ofxUIDragableLabelButton.cpp in Sources */,
				4981F50F18B9CE6000AC85CD /* ofxUIRotarySlider.cpp in Sources */,
				4981F51718B9CE6000AC85CD /* ofxUITextArea.cpp in Sources */,
				4981F50818B9CE6000AC85CD /* ofxUIMovingGraph.cpp in Sources */,
				4981F51D18B9CE6000AC85CD /* ofxUIWidget.cpp in Sources */,
				4981F51C18B9CE6000AC85CD /* ofxUIWaveform.cpp in Sources */,
				E4B69E200A3A1BDC003C02F2 /* main.cpp in Sources */,
				4981F4BF18B9CE6000AC85CD /* ofxOscSender.cpp in Sources */,
				4981F4F718B9CE6000AC85CD /* ofxUIButton.cpp in Sources */,
				4981F4BC18B9CE6000AC85CD /* ofxOscMessage.cpp in Sources */,
				4981F4FE18B9CE6000AC85CD /* ofxUIFPSSlider.cpp in Sources */,
				4981F51518B9CE6000AC85CD /* ofxUISuperCanvas.cpp in Sources */,
				4981F4F918B9CE6000AC85CD /* ofxUICircleSlider.cpp in Sources */,
				4953451918BC8CA1002D9DD5 /* OISKeyboard.cpp in Sources */,
				4981F4B918B9CE6000AC85CD /* OscReceivedElements.cpp in Sources */,
				4981F51A18B9CE6000AC85CD /* ofxUIToggleMatrix.cpp in Sources */,
				4981F50118B9CE6000AC85CD /* ofxUIImageSampler.cpp in Sources */,
				4981F52218B9CE6000AC85CD /* ofxXmlSettings.cpp in Sources */,
				4981F4B118B9CE6000AC85CD /* ofxGamepadOIS.cpp in Sources */,
				4981F50418B9CE6000AC85CD /* ofxUILabel.cpp in Sources */,
				4981F4AD18B9CE6000AC85CD /* ofxGamepad.cpp in Sources */,
				4981F50D18B9CE6000AC85CD /* ofxUIRangeSlider.cpp in Sources */,
				4981F4F418B9CE6000AC85CD /* ofxUI2DPad.cpp in Sources */,
				4981F4B318B9CE6000AC85CD /* NetworkingUtils.cpp in Sources */,
				4981F4B218B9CE6000AC85CD /* IpEndpointName.cpp in Sources */,
				4981F4FF18B9CE6000AC85CD /* ofxUIImage.cpp in Sources */,
				4981F50218B9CE6000AC85CD /* ofxUIImageSlider.cpp in Sources */,
				4981F50018B9CE6000AC85CD /* ofxUIImageButton.cpp in Sources */,
				4981F4F618B9CE6000AC85CD /* ofxUIBiLabelSlider.cpp in Sources */,
				4981F50918B9CE6000AC85CD /* ofxUIMultiImageButton.cpp in Sources */,
				4981F4B618B9CE6000AC85CD /* UdpSocketWin.cpp in Sources */,
				4981F50B18B9CE6000AC85CD /* ofxUINumberDialer.cpp in Sources */,
				4981F4BA18B9CE6000AC85CD /* OscTypes.cpp in Sources */,
				4981F50E18B9CE6000AC85CD /* ofxUIRectangle.cpp in Sources */,
				4953451A18BC8CA1002D9DD5 /* OISObject.cpp in Sources */,
				4981F52018B9CE6000AC85CD /* tinyxmlerror.cpp in Sources */,
				4981F50518B9CE6000AC85CD /* ofxUILabelButton.cpp in Sources */,
				4981F50618B9CE6000AC85CD /* ofxUILabelToggle.cpp in Sources */,
				4981F51118B9CE6000AC85CD /* ofxUISlider.cpp in Sources */,
				4981F50718B9CE6000AC85CD /* ofxUIMinimalSlider.cpp in Sources */,
				4981F4FC18B9CE6000AC85CD /* ofxUIEventArgs.cpp in Sources */,
				E4B69E210A3A1BDC003C02F2 /* testApp.cpp in Sources */,
				4953452118BC8CAC002D9DD5 /* MacHelpers.cpp in Sources */,
				4953452218BC8CAC002D9DD5 /* MacHIDManager.cpp in Sources */,
			);
			runOnlyForDeploymentPostprocessing = 0;
		};
/* End PBXSourcesBuildPhase section */

/* Begin PBXTargetDependency section */
		E4EEB9AC138B136A00A80321 /* PBXTargetDependency */ = {
			isa = PBXTargetDependency;
			name = openFrameworks;
			targetProxy = E4EEB9AB138B136A00A80321 /* PBXContainerItemProxy */;
		};
/* End PBXTargetDependency section */

/* Begin XCBuildConfiguration section */
		E4B69B4E0A3A1720003C02F2 /* Debug */ = {
			isa = XCBuildConfiguration;
			baseConfigurationReference = E4EB6923138AFD0F00A09F29 /* Project.xcconfig */;
			buildSettings = {
				ARCHS = "$(NATIVE_ARCH)";
				CONFIGURATION_BUILD_DIR = "$(SRCROOT)/bin/";
				COPY_PHASE_STRIP = NO;
				DEAD_CODE_STRIPPING = YES;
				GCC_AUTO_VECTORIZATION = YES;
				GCC_ENABLE_SSE3_EXTENSIONS = YES;
				GCC_ENABLE_SUPPLEMENTAL_SSE3_INSTRUCTIONS = YES;
				GCC_INLINES_ARE_PRIVATE_EXTERN = NO;
				GCC_OPTIMIZATION_LEVEL = 0;
				GCC_SYMBOLS_PRIVATE_EXTERN = NO;
				GCC_WARN_ABOUT_DEPRECATED_FUNCTIONS = YES;
				GCC_WARN_ABOUT_INVALID_OFFSETOF_MACRO = NO;
				GCC_WARN_ALLOW_INCOMPLETE_PROTOCOL = NO;
				GCC_WARN_UNINITIALIZED_AUTOS = NO;
				GCC_WARN_UNUSED_VALUE = NO;
				GCC_WARN_UNUSED_VARIABLE = NO;
				HEADER_SEARCH_PATHS = (
					"$(OF_CORE_HEADERS)",
					src,
					../../../addons/ofxOsc/libs,
					../../../addons/ofxOsc/libs/oscpack,
					../../../addons/ofxOsc/libs/oscpack/src,
					../../../addons/ofxOsc/libs/oscpack/src/ip,
					../../../addons/ofxOsc/libs/oscpack/src/ip/posix,
					../../../addons/ofxOsc/libs/oscpack/src/ip/win32,
					../../../addons/ofxOsc/libs/oscpack/src/osc,
					../../../addons/ofxOsc/src,
					../../../addons/ofxXmlSettings/libs,
					../../../addons/ofxXmlSettings/src,
					../../../addons/ofxUI/libs,
					../../../addons/ofxUI/src,
				);
				MACOSX_DEPLOYMENT_TARGET = 10.6;
				OTHER_CPLUSPLUSFLAGS = (
					"-D__MACOSX_CORE__",
					"-lpthread",
					"-mtune=native",
				);
				OTHER_LDFLAGS = "$(OF_CORE_LIBS)";
				SDKROOT = macosx;
			};
			name = Debug;
		};
		E4B69B4F0A3A1720003C02F2 /* Release */ = {
			isa = XCBuildConfiguration;
			baseConfigurationReference = E4EB6923138AFD0F00A09F29 /* Project.xcconfig */;
			buildSettings = {
				ARCHS = "$(NATIVE_ARCH)";
				CONFIGURATION_BUILD_DIR = "$(SRCROOT)/bin/";
				COPY_PHASE_STRIP = YES;
				DEAD_CODE_STRIPPING = YES;
				GCC_AUTO_VECTORIZATION = YES;
				GCC_ENABLE_SSE3_EXTENSIONS = YES;
				GCC_ENABLE_SUPPLEMENTAL_SSE3_INSTRUCTIONS = YES;
				GCC_INLINES_ARE_PRIVATE_EXTERN = NO;
				GCC_OPTIMIZATION_LEVEL = 3;
				GCC_SYMBOLS_PRIVATE_EXTERN = NO;
				GCC_UNROLL_LOOPS = YES;
				GCC_WARN_ABOUT_DEPRECATED_FUNCTIONS = YES;
				GCC_WARN_ABOUT_INVALID_OFFSETOF_MACRO = NO;
				GCC_WARN_ALLOW_INCOMPLETE_PROTOCOL = NO;
				GCC_WARN_UNINITIALIZED_AUTOS = NO;
				GCC_WARN_UNUSED_VALUE = NO;
				GCC_WARN_UNUSED_VARIABLE = NO;
				HEADER_SEARCH_PATHS = (
					"$(OF_CORE_HEADERS)",
					src,
					../../../addons/ofxOsc/libs,
					../../../addons/ofxOsc/libs/oscpack,
					../../../addons/ofxOsc/libs/oscpack/src,
					../../../addons/ofxOsc/libs/oscpack/src/ip,
					../../../addons/ofxOsc/libs/oscpack/src/ip/posix,
					../../../addons/ofxOsc/libs/oscpack/src/ip/win32,
					../../../addons/ofxOsc/libs/oscpack/src/osc,
					../../../addons/ofxOsc/src,
					../../../addons/ofxXmlSettings/libs,
					../../../addons/ofxXmlSettings/src,
					../../../addons/ofxUI/libs,
					../../../addons/ofxUI/src,
				);
				MACOSX_DEPLOYMENT_TARGET = 10.6;
				OTHER_CPLUSPLUSFLAGS = (
					"-D__MACOSX_CORE__",
					"-lpthread",
					"-mtune=native",
				);
				OTHER_LDFLAGS = "$(OF_CORE_LIBS)";
				SDKROOT = macosx;
			};
			name = Release;
		};
		E4B69B600A3A1757003C02F2 /* Debug */ = {
			isa = XCBuildConfiguration;
			buildSettings = {
				COMBINE_HIDPI_IMAGES = YES;
				COPY_PHASE_STRIP = NO;
				FRAMEWORK_SEARCH_PATHS = (
					"$(inherited)",
					"$(FRAMEWORK_SEARCH_PATHS_QUOTED_FOR_TARGET_1)",
				);
				FRAMEWORK_SEARCH_PATHS_QUOTED_FOR_TARGET_1 = "\"$(SRCROOT)/../../../libs/glut/lib/osx\"";
				GCC_DYNAMIC_NO_PIC = NO;
				GCC_GENERATE_DEBUGGING_SYMBOLS = YES;
				GCC_MODEL_TUNING = NONE;
				ICON = "$(ICON_NAME_DEBUG)";
				ICON_FILE = "$(ICON_FILE_PATH)$(ICON)";
				INFOPLIST_FILE = "openFrameworks-Info.plist";
				INSTALL_PATH = "$(HOME)/Applications";
				LIBRARY_SEARCH_PATHS = (
					"$(inherited)",
					"$(LIBRARY_SEARCH_PATHS_QUOTED_FOR_TARGET_1)",
					"$(LIBRARY_SEARCH_PATHS_QUOTED_FOR_TARGET_2)",
					"$(LIBRARY_SEARCH_PATHS_QUOTED_FOR_TARGET_3)",
					"$(LIBRARY_SEARCH_PATHS_QUOTED_FOR_TARGET_4)",
					"$(LIBRARY_SEARCH_PATHS_QUOTED_FOR_TARGET_5)",
					"$(LIBRARY_SEARCH_PATHS_QUOTED_FOR_TARGET_6)",
					"$(LIBRARY_SEARCH_PATHS_QUOTED_FOR_TARGET_7)",
					"$(LIBRARY_SEARCH_PATHS_QUOTED_FOR_TARGET_8)",
					"$(LIBRARY_SEARCH_PATHS_QUOTED_FOR_TARGET_9)",
					"$(LIBRARY_SEARCH_PATHS_QUOTED_FOR_TARGET_10)",
					"$(LIBRARY_SEARCH_PATHS_QUOTED_FOR_TARGET_11)",
					"$(LIBRARY_SEARCH_PATHS_QUOTED_FOR_TARGET_12)",
					"$(LIBRARY_SEARCH_PATHS_QUOTED_FOR_TARGET_13)",
					"$(LIBRARY_SEARCH_PATHS_QUOTED_FOR_TARGET_14)",
					"$(LIBRARY_SEARCH_PATHS_QUOTED_FOR_TARGET_15)",
					"$(LIBRARY_SEARCH_PATHS_QUOTED_FOR_TARGET_2)",
					"$(LIBRARY_SEARCH_PATHS_QUOTED_FOR_TARGET_3)",
					"$(LIBRARY_SEARCH_PATHS_QUOTED_FOR_TARGET_7)",
					"$(LIBRARY_SEARCH_PATHS_QUOTED_FOR_TARGET_8)",
					"$(LIBRARY_SEARCH_PATHS_QUOTED_FOR_TARGET_9)",
					"$(LIBRARY_SEARCH_PATHS_QUOTED_FOR_TARGET_10)",
					"$(LIBRARY_SEARCH_PATHS_QUOTED_FOR_TARGET_11)",
					"$(LIBRARY_SEARCH_PATHS_QUOTED_FOR_TARGET_12)",
					"$(LIBRARY_SEARCH_PATHS_QUOTED_FOR_TARGET_13)",
					"$(LIBRARY_SEARCH_PATHS_QUOTED_FOR_TARGET_16)",
					"$(LIBRARY_SEARCH_PATHS_QUOTED_FOR_TARGET_17)",
					"$(LIBRARY_SEARCH_PATHS_QUOTED_FOR_TARGET_18)",
					"$(LIBRARY_SEARCH_PATHS_QUOTED_FOR_TARGET_19)",
					"$(LIBRARY_SEARCH_PATHS_QUOTED_FOR_TARGET_20)",
					"$(LIBRARY_SEARCH_PATHS_QUOTED_FOR_TARGET_21)",
					"$(LIBRARY_SEARCH_PATHS_QUOTED_FOR_TARGET_22)",
					"$(LIBRARY_SEARCH_PATHS_QUOTED_FOR_TARGET_23)",
					"$(LIBRARY_SEARCH_PATHS_QUOTED_FOR_TARGET_24)",
					"$(LIBRARY_SEARCH_PATHS_QUOTED_FOR_TARGET_25)",
					"$(LIBRARY_SEARCH_PATHS_QUOTED_FOR_TARGET_26)",
					"$(LIBRARY_SEARCH_PATHS_QUOTED_FOR_TARGET_27)",
					"$(LIBRARY_SEARCH_PATHS_QUOTED_FOR_TARGET_28)",
					"$(LIBRARY_SEARCH_PATHS_QUOTED_FOR_TARGET_29)",
					"$(LIBRARY_SEARCH_PATHS_QUOTED_FOR_TARGET_30)",
					"$(LIBRARY_SEARCH_PATHS_QUOTED_FOR_TARGET_31)",
					"$(LIBRARY_SEARCH_PATHS_QUOTED_FOR_TARGET_32)",
					"$(LIBRARY_SEARCH_PATHS_QUOTED_FOR_TARGET_33)",
					"$(LIBRARY_SEARCH_PATHS_QUOTED_FOR_TARGET_34)",
					"$(LIBRARY_SEARCH_PATHS_QUOTED_FOR_TARGET_35)",
					"$(LIBRARY_SEARCH_PATHS_QUOTED_FOR_TARGET_36)",
					"$(LIBRARY_SEARCH_PATHS_QUOTED_FOR_TARGET_37)",
					"$(LIBRARY_SEARCH_PATHS_QUOTED_FOR_TARGET_38)",
					"$(LIBRARY_SEARCH_PATHS_QUOTED_FOR_TARGET_39)",
					"$(LIBRARY_SEARCH_PATHS_QUOTED_FOR_TARGET_40)",
					"$(LIBRARY_SEARCH_PATHS_QUOTED_FOR_TARGET_41)",
					"$(LIBRARY_SEARCH_PATHS_QUOTED_FOR_TARGET_42)",
					"$(LIBRARY_SEARCH_PATHS_QUOTED_FOR_TARGET_43)",
					"$(LIBRARY_SEARCH_PATHS_QUOTED_FOR_TARGET_44)",
					"$(LIBRARY_SEARCH_PATHS_QUOTED_FOR_TARGET_45)",
					"$(LIBRARY_SEARCH_PATHS_QUOTED_FOR_TARGET_46)",
					"$(LIBRARY_SEARCH_PATHS_QUOTED_FOR_TARGET_47)",
					"$(LIBRARY_SEARCH_PATHS_QUOTED_FOR_TARGET_48)",
					"$(LIBRARY_SEARCH_PATHS_QUOTED_FOR_TARGET_49)",
					"$(LIBRARY_SEARCH_PATHS_QUOTED_FOR_TARGET_50)",
					"$(LIBRARY_SEARCH_PATHS_QUOTED_FOR_TARGET_51)",
					"$(LIBRARY_SEARCH_PATHS_QUOTED_FOR_TARGET_52)",
					../../../addons/ofxGamepad/libs/wgois/lib/linux64,
					../../../addons/ofxGamepad/libs/wgois/lib/osx,
					../../../addons/ofxGamepad/libs/wgois/lib/vs2008,
					../../../addons/ofxGamepad/libs/wgois/lib/vs2010,
				);
				PRODUCT_NAME = "$(TARGET_NAME)Debug";
				WRAPPER_EXTENSION = app;
			};
			name = Debug;
		};
		E4B69B610A3A1757003C02F2 /* Release */ = {
			isa = XCBuildConfiguration;
			buildSettings = {
				COMBINE_HIDPI_IMAGES = YES;
				COPY_PHASE_STRIP = YES;
				FRAMEWORK_SEARCH_PATHS = (
					"$(inherited)",
					"$(FRAMEWORK_SEARCH_PATHS_QUOTED_FOR_TARGET_1)",
				);
				FRAMEWORK_SEARCH_PATHS_QUOTED_FOR_TARGET_1 = "\"$(SRCROOT)/../../../libs/glut/lib/osx\"";
				GCC_GENERATE_DEBUGGING_SYMBOLS = YES;
				GCC_MODEL_TUNING = NONE;
				ICON = "$(ICON_NAME_RELEASE)";
				ICON_FILE = "$(ICON_FILE_PATH)$(ICON)";
				INFOPLIST_FILE = "openFrameworks-Info.plist";
				INSTALL_PATH = "$(HOME)/Applications";
				LIBRARY_SEARCH_PATHS = (
					"$(inherited)",
					"$(LIBRARY_SEARCH_PATHS_QUOTED_FOR_TARGET_1)",
					"$(LIBRARY_SEARCH_PATHS_QUOTED_FOR_TARGET_2)",
					"$(LIBRARY_SEARCH_PATHS_QUOTED_FOR_TARGET_3)",
					"$(LIBRARY_SEARCH_PATHS_QUOTED_FOR_TARGET_4)",
					"$(LIBRARY_SEARCH_PATHS_QUOTED_FOR_TARGET_5)",
					"$(LIBRARY_SEARCH_PATHS_QUOTED_FOR_TARGET_6)",
					"$(LIBRARY_SEARCH_PATHS_QUOTED_FOR_TARGET_7)",
					"$(LIBRARY_SEARCH_PATHS_QUOTED_FOR_TARGET_8)",
					"$(LIBRARY_SEARCH_PATHS_QUOTED_FOR_TARGET_9)",
					"$(LIBRARY_SEARCH_PATHS_QUOTED_FOR_TARGET_10)",
					"$(LIBRARY_SEARCH_PATHS_QUOTED_FOR_TARGET_11)",
					"$(LIBRARY_SEARCH_PATHS_QUOTED_FOR_TARGET_12)",
					"$(LIBRARY_SEARCH_PATHS_QUOTED_FOR_TARGET_13)",
					"$(LIBRARY_SEARCH_PATHS_QUOTED_FOR_TARGET_14)",
					"$(LIBRARY_SEARCH_PATHS_QUOTED_FOR_TARGET_15)",
					"$(LIBRARY_SEARCH_PATHS_QUOTED_FOR_TARGET_2)",
					"$(LIBRARY_SEARCH_PATHS_QUOTED_1)",
					"$(LIBRARY_SEARCH_PATHS_QUOTED_FOR_TARGET_3)",
					"$(LIBRARY_SEARCH_PATHS_QUOTED_FOR_TARGET_7)",
					"$(LIBRARY_SEARCH_PATHS_QUOTED_FOR_TARGET_8)",
					"$(LIBRARY_SEARCH_PATHS_QUOTED_FOR_TARGET_9)",
					"$(LIBRARY_SEARCH_PATHS_QUOTED_FOR_TARGET_10)",
					"$(LIBRARY_SEARCH_PATHS_QUOTED_FOR_TARGET_11)",
					"$(LIBRARY_SEARCH_PATHS_QUOTED_FOR_TARGET_12)",
					"$(LIBRARY_SEARCH_PATHS_QUOTED_FOR_TARGET_13)",
					"$(LIBRARY_SEARCH_PATHS_QUOTED_FOR_TARGET_16)",
					"$(LIBRARY_SEARCH_PATHS_QUOTED_FOR_TARGET_17)",
					"$(LIBRARY_SEARCH_PATHS_QUOTED_FOR_TARGET_18)",
					"$(LIBRARY_SEARCH_PATHS_QUOTED_FOR_TARGET_19)",
					"$(LIBRARY_SEARCH_PATHS_QUOTED_FOR_TARGET_20)",
					"$(LIBRARY_SEARCH_PATHS_QUOTED_FOR_TARGET_21)",
					"$(LIBRARY_SEARCH_PATHS_QUOTED_FOR_TARGET_22)",
					"$(LIBRARY_SEARCH_PATHS_QUOTED_FOR_TARGET_23)",
					"$(LIBRARY_SEARCH_PATHS_QUOTED_FOR_TARGET_24)",
					"$(LIBRARY_SEARCH_PATHS_QUOTED_FOR_TARGET_25)",
					"$(LIBRARY_SEARCH_PATHS_QUOTED_FOR_TARGET_26)",
					"$(LIBRARY_SEARCH_PATHS_QUOTED_FOR_TARGET_27)",
					"$(LIBRARY_SEARCH_PATHS_QUOTED_FOR_TARGET_28)",
					"$(LIBRARY_SEARCH_PATHS_QUOTED_FOR_TARGET_29)",
					"$(LIBRARY_SEARCH_PATHS_QUOTED_FOR_TARGET_30)",
					"$(LIBRARY_SEARCH_PATHS_QUOTED_FOR_TARGET_31)",
					"$(LIBRARY_SEARCH_PATHS_QUOTED_FOR_TARGET_32)",
					"$(LIBRARY_SEARCH_PATHS_QUOTED_FOR_TARGET_33)",
					"$(LIBRARY_SEARCH_PATHS_QUOTED_FOR_TARGET_34)",
					"$(LIBRARY_SEARCH_PATHS_QUOTED_FOR_TARGET_35)",
					"$(LIBRARY_SEARCH_PATHS_QUOTED_FOR_TARGET_36)",
					"$(LIBRARY_SEARCH_PATHS_QUOTED_FOR_TARGET_37)",
					"$(LIBRARY_SEARCH_PATHS_QUOTED_FOR_TARGET_38)",
					"$(LIBRARY_SEARCH_PATHS_QUOTED_FOR_TARGET_39)",
					"$(LIBRARY_SEARCH_PATHS_QUOTED_FOR_TARGET_40)",
					"$(LIBRARY_SEARCH_PATHS_QUOTED_FOR_TARGET_41)",
					"$(LIBRARY_SEARCH_PATHS_QUOTED_FOR_TARGET_42)",
					"$(LIBRARY_SEARCH_PATHS_QUOTED_FOR_TARGET_43)",
					"$(LIBRARY_SEARCH_PATHS_QUOTED_FOR_TARGET_44)",
					"$(LIBRARY_SEARCH_PATHS_QUOTED_FOR_TARGET_45)",
					"$(LIBRARY_SEARCH_PATHS_QUOTED_FOR_TARGET_46)",
					"$(LIBRARY_SEARCH_PATHS_QUOTED_FOR_TARGET_47)",
					"$(LIBRARY_SEARCH_PATHS_QUOTED_FOR_TARGET_48)",
					"$(LIBRARY_SEARCH_PATHS_QUOTED_FOR_TARGET_49)",
					"$(LIBRARY_SEARCH_PATHS_QUOTED_FOR_TARGET_50)",
					"$(LIBRARY_SEARCH_PATHS_QUOTED_FOR_TARGET_51)",
					../../../addons/ofxGamepad/libs/wgois/lib/linux64,
					../../../addons/ofxGamepad/libs/wgois/lib/osx,
					../../../addons/ofxGamepad/libs/wgois/lib/vs2008,
					../../../addons/ofxGamepad/libs/wgois/lib/vs2010,
				);
				PRODUCT_NAME = "$(TARGET_NAME)";
				WRAPPER_EXTENSION = app;
			};
			name = Release;
		};
/* End XCBuildConfiguration section */

/* Begin XCConfigurationList section */
		E4B69B4D0A3A1720003C02F2 /* Build configuration list for PBXProject "gamepadToOsc" */ = {
			isa = XCConfigurationList;
			buildConfigurations = (
				E4B69B4E0A3A1720003C02F2 /* Debug */,
				E4B69B4F0A3A1720003C02F2 /* Release */,
			);
			defaultConfigurationIsVisible = 0;
			defaultConfigurationName = Release;
		};
		E4B69B5F0A3A1757003C02F2 /* Build configuration list for PBXNativeTarget "gamepadToOsc" */ = {
			isa = XCConfigurationList;
			buildConfigurations = (
				E4B69B600A3A1757003C02F2 /* Debug */,
				E4B69B610A3A1757003C02F2 /* Release */,
			);
			defaultConfigurationIsVisible = 0;
			defaultConfigurationName = Release;
		};
/* End XCConfigurationList section */
	};
	rootObject = E4B69B4C0A3A1720003C02F2 /* Project object */;
}
